// !$*UTF8*$!
{
	archiveVersion = 1;
	classes = {
	};
	objectVersion = 56;
	objects = {

/* Begin PBXBuildFile section */
		6534C2C82A12EDFD00B1D8B6 /* SwiftfulThinkingSwiftUIBootcampApp.swift in Sources */ = {isa = PBXBuildFile; fileRef = 6534C2C72A12EDFD00B1D8B6 /* SwiftfulThinkingSwiftUIBootcampApp.swift */; };
		6534C2CA2A12EDFD00B1D8B6 /* ContentView.swift in Sources */ = {isa = PBXBuildFile; fileRef = 6534C2C92A12EDFD00B1D8B6 /* ContentView.swift */; };
		6534C2CC2A12EDFE00B1D8B6 /* Assets.xcassets in Resources */ = {isa = PBXBuildFile; fileRef = 6534C2CB2A12EDFE00B1D8B6 /* Assets.xcassets */; };
		6534C2CF2A12EDFE00B1D8B6 /* Preview Assets.xcassets in Resources */ = {isa = PBXBuildFile; fileRef = 6534C2CE2A12EDFE00B1D8B6 /* Preview Assets.xcassets */; };
		6534C2DA2A12EE0E00B1D8B6 /* TextExample.swift in Sources */ = {isa = PBXBuildFile; fileRef = 6534C2D62A12EE0E00B1D8B6 /* TextExample.swift */; };
		6534C2DB2A12EE0E00B1D8B6 /* ShapeExample.swift in Sources */ = {isa = PBXBuildFile; fileRef = 6534C2D72A12EE0E00B1D8B6 /* ShapeExample.swift */; };
		6534C2DC2A12EE0E00B1D8B6 /* GradientExample.swift in Sources */ = {isa = PBXBuildFile; fileRef = 6534C2D82A12EE0E00B1D8B6 /* GradientExample.swift */; };
		6534C2DD2A12EE0E00B1D8B6 /* ColorExample.swift in Sources */ = {isa = PBXBuildFile; fileRef = 6534C2D92A12EE0E00B1D8B6 /* ColorExample.swift */; };
		6534C2DF2A13A5EB00B1D8B6 /* SystemIconExample.swift in Sources */ = {isa = PBXBuildFile; fileRef = 6534C2DE2A13A5EB00B1D8B6 /* SystemIconExample.swift */; };
		6534C2E12A13A92B00B1D8B6 /* ImageExample.swift in Sources */ = {isa = PBXBuildFile; fileRef = 6534C2E02A13A92B00B1D8B6 /* ImageExample.swift */; };
		6534C2E32A13BB7A00B1D8B6 /* FrameExample.swift in Sources */ = {isa = PBXBuildFile; fileRef = 6534C2E22A13BB7A00B1D8B6 /* FrameExample.swift */; };
		6534C2E52A1436F200B1D8B6 /* BackgroundOverlayExample.swift in Sources */ = {isa = PBXBuildFile; fileRef = 6534C2E42A1436F200B1D8B6 /* BackgroundOverlayExample.swift */; };
		656220492A353FA90082840A /* SafeAreaInsetBootcamp.swift in Sources */ = {isa = PBXBuildFile; fileRef = 656220482A353FA90082840A /* SafeAreaInsetBootcamp.swift */; };
		6562204B2A3542E70082840A /* GroupBootcamp.swift in Sources */ = {isa = PBXBuildFile; fileRef = 6562204A2A3542E70082840A /* GroupBootcamp.swift */; };
		656B011A2A1EAD3000D28F63 /* AlertExample.swift in Sources */ = {isa = PBXBuildFile; fileRef = 656B01192A1EAD3000D28F63 /* AlertExample.swift */; };
		656B011C2A21725400D28F63 /* ActionSheetExample.swift in Sources */ = {isa = PBXBuildFile; fileRef = 656B011B2A21725400D28F63 /* ActionSheetExample.swift */; };
		656B011E2A217DCF00D28F63 /* ContextMenuExample.swift in Sources */ = {isa = PBXBuildFile; fileRef = 656B011D2A217DCF00D28F63 /* ContextMenuExample.swift */; };
		656B01222A24D21B00D28F63 /* TextFieldExample.swift in Sources */ = {isa = PBXBuildFile; fileRef = 656B01212A24D21B00D28F63 /* TextFieldExample.swift */; };
		656B01242A24D4A900D28F63 /* TextEditorExample.swift in Sources */ = {isa = PBXBuildFile; fileRef = 656B01232A24D4A900D28F63 /* TextEditorExample.swift */; };
		656B01282A24D6F100D28F63 /* ToggleBootcamp.swift in Sources */ = {isa = PBXBuildFile; fileRef = 656B01272A24D6F100D28F63 /* ToggleBootcamp.swift */; };
		656B012A2A24D87300D28F63 /* PickerExample.swift in Sources */ = {isa = PBXBuildFile; fileRef = 656B01292A24D87300D28F63 /* PickerExample.swift */; };
		656B012C2A26151700D28F63 /* ColorPickerExample.swift in Sources */ = {isa = PBXBuildFile; fileRef = 656B012B2A26151700D28F63 /* ColorPickerExample.swift */; };
		656B01322A2618A900D28F63 /* DatePickerExample.swift in Sources */ = {isa = PBXBuildFile; fileRef = 656B01312A2618A900D28F63 /* DatePickerExample.swift */; };
		656B01342A261C2200D28F63 /* StepperExample.swift in Sources */ = {isa = PBXBuildFile; fileRef = 656B01332A261C2200D28F63 /* StepperExample.swift */; };
		656B01362A261DF800D28F63 /* SliderExample.swift in Sources */ = {isa = PBXBuildFile; fileRef = 656B01352A261DF800D28F63 /* SliderExample.swift */; };
		656B01382A2620B800D28F63 /* TabViewExample.swift in Sources */ = {isa = PBXBuildFile; fileRef = 656B01372A2620B800D28F63 /* TabViewExample.swift */; };
		656B013A2A2625E000D28F63 /* DarkModeExample.swift in Sources */ = {isa = PBXBuildFile; fileRef = 656B01392A2625E000D28F63 /* DarkModeExample.swift */; };
		656B013C2A276A6A00D28F63 /* OnAppearExample.swift in Sources */ = {isa = PBXBuildFile; fileRef = 656B013B2A276A6A00D28F63 /* OnAppearExample.swift */; };
		656B013E2A276D9200D28F63 /* TapGestureExample.swift in Sources */ = {isa = PBXBuildFile; fileRef = 656B013D2A276D9200D28F63 /* TapGestureExample.swift */; };
		656BEE602A14D14F001D5DA0 /* StacksExample.swift in Sources */ = {isa = PBXBuildFile; fileRef = 656BEE5F2A14D14F001D5DA0 /* StacksExample.swift */; };
		656BEE622A158522001D5DA0 /* PaddingExample.swift in Sources */ = {isa = PBXBuildFile; fileRef = 656BEE612A158522001D5DA0 /* PaddingExample.swift */; };
		656BEE642A158BDB001D5DA0 /* SpacerExample.swift in Sources */ = {isa = PBXBuildFile; fileRef = 656BEE632A158BDB001D5DA0 /* SpacerExample.swift */; };
		656BEE662A184DAD001D5DA0 /* ForEachExample.swift in Sources */ = {isa = PBXBuildFile; fileRef = 656BEE652A184DAD001D5DA0 /* ForEachExample.swift */; };
		656BEE692A1850F9001D5DA0 /* ScrollViewExample.swift in Sources */ = {isa = PBXBuildFile; fileRef = 656BEE682A1850F9001D5DA0 /* ScrollViewExample.swift */; };
		656BEE6B2A1877A3001D5DA0 /* GridExample.swift in Sources */ = {isa = PBXBuildFile; fileRef = 656BEE6A2A1877A3001D5DA0 /* GridExample.swift */; };
		656BEE6D2A18810A001D5DA0 /* SafeAreaExample.swift in Sources */ = {isa = PBXBuildFile; fileRef = 656BEE6C2A18810A001D5DA0 /* SafeAreaExample.swift */; };
		656BEE6F2A188CEF001D5DA0 /* ButtonExample.swift in Sources */ = {isa = PBXBuildFile; fileRef = 656BEE6E2A188CEF001D5DA0 /* ButtonExample.swift */; };
		656BEE712A1890CD001D5DA0 /* StateExample.swift in Sources */ = {isa = PBXBuildFile; fileRef = 656BEE702A1890CD001D5DA0 /* StateExample.swift */; };
		656BEE732A18EBFB001D5DA0 /* ExtractedFunctionExample.swift in Sources */ = {isa = PBXBuildFile; fileRef = 656BEE722A18EBFB001D5DA0 /* ExtractedFunctionExample.swift */; };
		656BEE752A18F061001D5DA0 /* ExtractSubviewsExample.swift in Sources */ = {isa = PBXBuildFile; fileRef = 656BEE742A18F061001D5DA0 /* ExtractSubviewsExample.swift */; };
		656BEE772A18F6F4001D5DA0 /* BindingExample.swift in Sources */ = {isa = PBXBuildFile; fileRef = 656BEE762A18F6F4001D5DA0 /* BindingExample.swift */; };
		656BEE792A18FADA001D5DA0 /* ConditionalExample.swift in Sources */ = {isa = PBXBuildFile; fileRef = 656BEE782A18FADA001D5DA0 /* ConditionalExample.swift */; };
		656BEE862A198DFA001D5DA0 /* TernaryExample.swift in Sources */ = {isa = PBXBuildFile; fileRef = 656BEE852A198DFA001D5DA0 /* TernaryExample.swift */; };
		656BEE882A19931B001D5DA0 /* AnimationExample.swift in Sources */ = {isa = PBXBuildFile; fileRef = 656BEE872A19931B001D5DA0 /* AnimationExample.swift */; };
		656BEE8A2A199741001D5DA0 /* AnimationTImingExample.swift in Sources */ = {isa = PBXBuildFile; fileRef = 656BEE892A199741001D5DA0 /* AnimationTImingExample.swift */; };
		656BEE8C2A1B9295001D5DA0 /* TransitionExample.swift in Sources */ = {isa = PBXBuildFile; fileRef = 656BEE8B2A1B9295001D5DA0 /* TransitionExample.swift */; };
		656BEE8E2A1B98EC001D5DA0 /* SheetsExample.swift in Sources */ = {isa = PBXBuildFile; fileRef = 656BEE8D2A1B98EC001D5DA0 /* SheetsExample.swift */; };
		656BEE902A1BA155001D5DA0 /* PopoverExample.swift in Sources */ = {isa = PBXBuildFile; fileRef = 656BEE8F2A1BA155001D5DA0 /* PopoverExample.swift */; };
		656BEE922A1D5363001D5DA0 /* NavigationViewExample.swift in Sources */ = {isa = PBXBuildFile; fileRef = 656BEE912A1D5363001D5DA0 /* NavigationViewExample.swift */; };
		656BEE952A1E2EC1001D5DA0 /* ListExample.swift in Sources */ = {isa = PBXBuildFile; fileRef = 656BEE942A1E2EC0001D5DA0 /* ListExample.swift */; };
		657AE96C2A2776A100DBEEEA /* CustomModelExample.swift in Sources */ = {isa = PBXBuildFile; fileRef = 657AE96B2A2776A100DBEEEA /* CustomModelExample.swift */; };
		657AE96E2A277AE400DBEEEA /* ViewModelExample.swift in Sources */ = {isa = PBXBuildFile; fileRef = 657AE96D2A277AE400DBEEEA /* ViewModelExample.swift */; };
		657AE9702A27E73800DBEEEA /* EnvironmentObjectExample.swift in Sources */ = {isa = PBXBuildFile; fileRef = 657AE96F2A27E73800DBEEEA /* EnvironmentObjectExample.swift */; };
		657AE9722A28C12400DBEEEA /* AppStorageExample.swift in Sources */ = {isa = PBXBuildFile; fileRef = 657AE9712A28C12400DBEEEA /* AppStorageExample.swift */; };
		657AE9742A28C5D200DBEEEA /* AsyncImageExample.swift in Sources */ = {isa = PBXBuildFile; fileRef = 657AE9732A28C5D200DBEEEA /* AsyncImageExample.swift */; };
		657AE9762A28C94300DBEEEA /* BackgroundMaterialsExample.swift in Sources */ = {isa = PBXBuildFile; fileRef = 657AE9752A28C94300DBEEEA /* BackgroundMaterialsExample.swift */; };
		657AE9782A28CAE300DBEEEA /* TextSelectionExample.swift in Sources */ = {isa = PBXBuildFile; fileRef = 657AE9772A28CAE300DBEEEA /* TextSelectionExample.swift */; };
		657AE97A2A28CB7400DBEEEA /* ButtonStyleExample.swift in Sources */ = {isa = PBXBuildFile; fileRef = 657AE9792A28CB7400DBEEEA /* ButtonStyleExample.swift */; };
		657AE97C2A28CED900DBEEEA /* ListSwipeActionsExample.swift in Sources */ = {isa = PBXBuildFile; fileRef = 657AE97B2A28CED900DBEEEA /* ListSwipeActionsExample.swift */; };
		657AE97E2A28D28300DBEEEA /* BadgesExample.swift in Sources */ = {isa = PBXBuildFile; fileRef = 657AE97D2A28D28300DBEEEA /* BadgesExample.swift */; };
		65F885132A2C13C500D151F1 /* FocusStateExample.swift in Sources */ = {isa = PBXBuildFile; fileRef = 65F885122A2C13C500D151F1 /* FocusStateExample.swift */; };
		65F885152A2C193700D151F1 /* SubmitTextFieldBootcamp.swift in Sources */ = {isa = PBXBuildFile; fileRef = 65F885142A2C193700D151F1 /* SubmitTextFieldBootcamp.swift */; };
		65F885342A2FC95100D151F1 /* IntroView.swift in Sources */ = {isa = PBXBuildFile; fileRef = 65F885332A2FC95100D151F1 /* IntroView.swift */; };
		65F885362A2FCA9500D151F1 /* OnboardingView.swift in Sources */ = {isa = PBXBuildFile; fileRef = 65F885352A2FCA9400D151F1 /* OnboardingView.swift */; };
		65F885382A30ACAA00D151F1 /* ProfileView.swift in Sources */ = {isa = PBXBuildFile; fileRef = 65F885372A30ACAA00D151F1 /* ProfileView.swift */; };
		65F8853A2A30B04900D151F1 /* NavigationStackBootcamp.swift in Sources */ = {isa = PBXBuildFile; fileRef = 65F885392A30B04900D151F1 /* NavigationStackBootcamp.swift */; };
		65F885552A33E8EF00D151F1 /* ToolbarExample.swift in Sources */ = {isa = PBXBuildFile; fileRef = 65F885542A33E8EF00D151F1 /* ToolbarExample.swift */; };
		65F885572A3411BD00D151F1 /* ResizableSheetBootcamp.swift in Sources */ = {isa = PBXBuildFile; fileRef = 65F885562A3411BD00D151F1 /* ResizableSheetBootcamp.swift */; };
/* End PBXBuildFile section */

/* Begin PBXFileReference section */
		6534C2C42A12EDFD00B1D8B6 /* SwiftfulThinkingSwiftUIBootcamp.app */ = {isa = PBXFileReference; explicitFileType = wrapper.application; includeInIndex = 0; path = SwiftfulThinkingSwiftUIBootcamp.app; sourceTree = BUILT_PRODUCTS_DIR; };
		6534C2C72A12EDFD00B1D8B6 /* SwiftfulThinkingSwiftUIBootcampApp.swift */ = {isa = PBXFileReference; lastKnownFileType = sourcecode.swift; path = SwiftfulThinkingSwiftUIBootcampApp.swift; sourceTree = "<group>"; };
		6534C2C92A12EDFD00B1D8B6 /* ContentView.swift */ = {isa = PBXFileReference; lastKnownFileType = sourcecode.swift; path = ContentView.swift; sourceTree = "<group>"; };
		6534C2CB2A12EDFE00B1D8B6 /* Assets.xcassets */ = {isa = PBXFileReference; lastKnownFileType = folder.assetcatalog; path = Assets.xcassets; sourceTree = "<group>"; };
		6534C2CE2A12EDFE00B1D8B6 /* Preview Assets.xcassets */ = {isa = PBXFileReference; lastKnownFileType = folder.assetcatalog; path = "Preview Assets.xcassets"; sourceTree = "<group>"; };
		6534C2D62A12EE0E00B1D8B6 /* TextExample.swift */ = {isa = PBXFileReference; fileEncoding = 4; lastKnownFileType = sourcecode.swift; path = TextExample.swift; sourceTree = "<group>"; };
		6534C2D72A12EE0E00B1D8B6 /* ShapeExample.swift */ = {isa = PBXFileReference; fileEncoding = 4; lastKnownFileType = sourcecode.swift; path = ShapeExample.swift; sourceTree = "<group>"; };
		6534C2D82A12EE0E00B1D8B6 /* GradientExample.swift */ = {isa = PBXFileReference; fileEncoding = 4; lastKnownFileType = sourcecode.swift; path = GradientExample.swift; sourceTree = "<group>"; };
		6534C2D92A12EE0E00B1D8B6 /* ColorExample.swift */ = {isa = PBXFileReference; fileEncoding = 4; lastKnownFileType = sourcecode.swift; path = ColorExample.swift; sourceTree = "<group>"; };
		6534C2DE2A13A5EB00B1D8B6 /* SystemIconExample.swift */ = {isa = PBXFileReference; lastKnownFileType = sourcecode.swift; path = SystemIconExample.swift; sourceTree = "<group>"; };
		6534C2E02A13A92B00B1D8B6 /* ImageExample.swift */ = {isa = PBXFileReference; lastKnownFileType = sourcecode.swift; path = ImageExample.swift; sourceTree = "<group>"; };
		6534C2E22A13BB7A00B1D8B6 /* FrameExample.swift */ = {isa = PBXFileReference; lastKnownFileType = sourcecode.swift; path = FrameExample.swift; sourceTree = "<group>"; };
		6534C2E42A1436F200B1D8B6 /* BackgroundOverlayExample.swift */ = {isa = PBXFileReference; lastKnownFileType = sourcecode.swift; path = BackgroundOverlayExample.swift; sourceTree = "<group>"; };
		656220482A353FA90082840A /* SafeAreaInsetBootcamp.swift */ = {isa = PBXFileReference; lastKnownFileType = sourcecode.swift; path = SafeAreaInsetBootcamp.swift; sourceTree = "<group>"; };
		6562204A2A3542E70082840A /* GroupBootcamp.swift */ = {isa = PBXFileReference; lastKnownFileType = sourcecode.swift; path = GroupBootcamp.swift; sourceTree = "<group>"; };
		656B01192A1EAD3000D28F63 /* AlertExample.swift */ = {isa = PBXFileReference; lastKnownFileType = sourcecode.swift; path = AlertExample.swift; sourceTree = "<group>"; };
		656B011B2A21725400D28F63 /* ActionSheetExample.swift */ = {isa = PBXFileReference; lastKnownFileType = sourcecode.swift; path = ActionSheetExample.swift; sourceTree = "<group>"; };
		656B011D2A217DCF00D28F63 /* ContextMenuExample.swift */ = {isa = PBXFileReference; lastKnownFileType = sourcecode.swift; path = ContextMenuExample.swift; sourceTree = "<group>"; };
		656B01212A24D21B00D28F63 /* TextFieldExample.swift */ = {isa = PBXFileReference; fileEncoding = 4; lastKnownFileType = sourcecode.swift; path = TextFieldExample.swift; sourceTree = "<group>"; };
		656B01232A24D4A900D28F63 /* TextEditorExample.swift */ = {isa = PBXFileReference; lastKnownFileType = sourcecode.swift; path = TextEditorExample.swift; sourceTree = "<group>"; };
		656B01272A24D6F100D28F63 /* ToggleBootcamp.swift */ = {isa = PBXFileReference; lastKnownFileType = sourcecode.swift; path = ToggleBootcamp.swift; sourceTree = "<group>"; };
		656B01292A24D87300D28F63 /* PickerExample.swift */ = {isa = PBXFileReference; lastKnownFileType = sourcecode.swift; path = PickerExample.swift; sourceTree = "<group>"; };
		656B012B2A26151700D28F63 /* ColorPickerExample.swift */ = {isa = PBXFileReference; lastKnownFileType = sourcecode.swift; path = ColorPickerExample.swift; sourceTree = "<group>"; };
		656B01312A2618A900D28F63 /* DatePickerExample.swift */ = {isa = PBXFileReference; lastKnownFileType = sourcecode.swift; path = DatePickerExample.swift; sourceTree = "<group>"; };
		656B01332A261C2200D28F63 /* StepperExample.swift */ = {isa = PBXFileReference; lastKnownFileType = sourcecode.swift; path = StepperExample.swift; sourceTree = "<group>"; };
		656B01352A261DF800D28F63 /* SliderExample.swift */ = {isa = PBXFileReference; lastKnownFileType = sourcecode.swift; path = SliderExample.swift; sourceTree = "<group>"; };
		656B01372A2620B800D28F63 /* TabViewExample.swift */ = {isa = PBXFileReference; lastKnownFileType = sourcecode.swift; path = TabViewExample.swift; sourceTree = "<group>"; };
		656B01392A2625E000D28F63 /* DarkModeExample.swift */ = {isa = PBXFileReference; lastKnownFileType = sourcecode.swift; path = DarkModeExample.swift; sourceTree = "<group>"; };
		656B013B2A276A6A00D28F63 /* OnAppearExample.swift */ = {isa = PBXFileReference; lastKnownFileType = sourcecode.swift; path = OnAppearExample.swift; sourceTree = "<group>"; };
		656B013D2A276D9200D28F63 /* TapGestureExample.swift */ = {isa = PBXFileReference; lastKnownFileType = sourcecode.swift; path = TapGestureExample.swift; sourceTree = "<group>"; };
		656BEE5F2A14D14F001D5DA0 /* StacksExample.swift */ = {isa = PBXFileReference; lastKnownFileType = sourcecode.swift; path = StacksExample.swift; sourceTree = "<group>"; };
		656BEE612A158522001D5DA0 /* PaddingExample.swift */ = {isa = PBXFileReference; lastKnownFileType = sourcecode.swift; path = PaddingExample.swift; sourceTree = "<group>"; };
		656BEE632A158BDB001D5DA0 /* SpacerExample.swift */ = {isa = PBXFileReference; lastKnownFileType = sourcecode.swift; path = SpacerExample.swift; sourceTree = "<group>"; };
		656BEE652A184DAD001D5DA0 /* ForEachExample.swift */ = {isa = PBXFileReference; lastKnownFileType = sourcecode.swift; path = ForEachExample.swift; sourceTree = "<group>"; };
		656BEE682A1850F9001D5DA0 /* ScrollViewExample.swift */ = {isa = PBXFileReference; lastKnownFileType = sourcecode.swift; path = ScrollViewExample.swift; sourceTree = "<group>"; };
		656BEE6A2A1877A3001D5DA0 /* GridExample.swift */ = {isa = PBXFileReference; lastKnownFileType = sourcecode.swift; path = GridExample.swift; sourceTree = "<group>"; };
		656BEE6C2A18810A001D5DA0 /* SafeAreaExample.swift */ = {isa = PBXFileReference; lastKnownFileType = sourcecode.swift; path = SafeAreaExample.swift; sourceTree = "<group>"; };
		656BEE6E2A188CEF001D5DA0 /* ButtonExample.swift */ = {isa = PBXFileReference; lastKnownFileType = sourcecode.swift; path = ButtonExample.swift; sourceTree = "<group>"; };
		656BEE702A1890CD001D5DA0 /* StateExample.swift */ = {isa = PBXFileReference; lastKnownFileType = sourcecode.swift; path = StateExample.swift; sourceTree = "<group>"; };
		656BEE722A18EBFB001D5DA0 /* ExtractedFunctionExample.swift */ = {isa = PBXFileReference; lastKnownFileType = sourcecode.swift; path = ExtractedFunctionExample.swift; sourceTree = "<group>"; };
		656BEE742A18F061001D5DA0 /* ExtractSubviewsExample.swift */ = {isa = PBXFileReference; lastKnownFileType = sourcecode.swift; path = ExtractSubviewsExample.swift; sourceTree = "<group>"; };
		656BEE762A18F6F4001D5DA0 /* BindingExample.swift */ = {isa = PBXFileReference; lastKnownFileType = sourcecode.swift; path = BindingExample.swift; sourceTree = "<group>"; };
		656BEE782A18FADA001D5DA0 /* ConditionalExample.swift */ = {isa = PBXFileReference; lastKnownFileType = sourcecode.swift; path = ConditionalExample.swift; sourceTree = "<group>"; };
		656BEE852A198DFA001D5DA0 /* TernaryExample.swift */ = {isa = PBXFileReference; lastKnownFileType = sourcecode.swift; path = TernaryExample.swift; sourceTree = "<group>"; };
		656BEE872A19931B001D5DA0 /* AnimationExample.swift */ = {isa = PBXFileReference; lastKnownFileType = sourcecode.swift; path = AnimationExample.swift; sourceTree = "<group>"; };
		656BEE892A199741001D5DA0 /* AnimationTImingExample.swift */ = {isa = PBXFileReference; lastKnownFileType = sourcecode.swift; path = AnimationTImingExample.swift; sourceTree = "<group>"; };
		656BEE8B2A1B9295001D5DA0 /* TransitionExample.swift */ = {isa = PBXFileReference; lastKnownFileType = sourcecode.swift; path = TransitionExample.swift; sourceTree = "<group>"; };
		656BEE8D2A1B98EC001D5DA0 /* SheetsExample.swift */ = {isa = PBXFileReference; lastKnownFileType = sourcecode.swift; path = SheetsExample.swift; sourceTree = "<group>"; };
		656BEE8F2A1BA155001D5DA0 /* PopoverExample.swift */ = {isa = PBXFileReference; lastKnownFileType = sourcecode.swift; path = PopoverExample.swift; sourceTree = "<group>"; };
		656BEE912A1D5363001D5DA0 /* NavigationViewExample.swift */ = {isa = PBXFileReference; lastKnownFileType = sourcecode.swift; path = NavigationViewExample.swift; sourceTree = "<group>"; };
		656BEE942A1E2EC0001D5DA0 /* ListExample.swift */ = {isa = PBXFileReference; lastKnownFileType = sourcecode.swift; path = ListExample.swift; sourceTree = "<group>"; };
		657AE96B2A2776A100DBEEEA /* CustomModelExample.swift */ = {isa = PBXFileReference; lastKnownFileType = sourcecode.swift; path = CustomModelExample.swift; sourceTree = "<group>"; };
		657AE96D2A277AE400DBEEEA /* ViewModelExample.swift */ = {isa = PBXFileReference; lastKnownFileType = sourcecode.swift; path = ViewModelExample.swift; sourceTree = "<group>"; };
		657AE96F2A27E73800DBEEEA /* EnvironmentObjectExample.swift */ = {isa = PBXFileReference; lastKnownFileType = sourcecode.swift; path = EnvironmentObjectExample.swift; sourceTree = "<group>"; };
		657AE9712A28C12400DBEEEA /* AppStorageExample.swift */ = {isa = PBXFileReference; lastKnownFileType = sourcecode.swift; path = AppStorageExample.swift; sourceTree = "<group>"; };
		657AE9732A28C5D200DBEEEA /* AsyncImageExample.swift */ = {isa = PBXFileReference; lastKnownFileType = sourcecode.swift; path = AsyncImageExample.swift; sourceTree = "<group>"; };
		657AE9752A28C94300DBEEEA /* BackgroundMaterialsExample.swift */ = {isa = PBXFileReference; lastKnownFileType = sourcecode.swift; path = BackgroundMaterialsExample.swift; sourceTree = "<group>"; };
		657AE9772A28CAE300DBEEEA /* TextSelectionExample.swift */ = {isa = PBXFileReference; lastKnownFileType = sourcecode.swift; path = TextSelectionExample.swift; sourceTree = "<group>"; };
		657AE9792A28CB7400DBEEEA /* ButtonStyleExample.swift */ = {isa = PBXFileReference; lastKnownFileType = sourcecode.swift; path = ButtonStyleExample.swift; sourceTree = "<group>"; };
		657AE97B2A28CED900DBEEEA /* ListSwipeActionsExample.swift */ = {isa = PBXFileReference; lastKnownFileType = sourcecode.swift; path = ListSwipeActionsExample.swift; sourceTree = "<group>"; };
		657AE97D2A28D28300DBEEEA /* BadgesExample.swift */ = {isa = PBXFileReference; lastKnownFileType = sourcecode.swift; path = BadgesExample.swift; sourceTree = "<group>"; };
		65F885122A2C13C500D151F1 /* FocusStateExample.swift */ = {isa = PBXFileReference; lastKnownFileType = sourcecode.swift; path = FocusStateExample.swift; sourceTree = "<group>"; };
		65F885142A2C193700D151F1 /* SubmitTextFieldBootcamp.swift */ = {isa = PBXFileReference; lastKnownFileType = sourcecode.swift; path = SubmitTextFieldBootcamp.swift; sourceTree = "<group>"; };
		65F885332A2FC95100D151F1 /* IntroView.swift */ = {isa = PBXFileReference; lastKnownFileType = sourcecode.swift; path = IntroView.swift; sourceTree = "<group>"; };
		65F885352A2FCA9400D151F1 /* OnboardingView.swift */ = {isa = PBXFileReference; lastKnownFileType = sourcecode.swift; path = OnboardingView.swift; sourceTree = "<group>"; };
		65F885372A30ACAA00D151F1 /* ProfileView.swift */ = {isa = PBXFileReference; lastKnownFileType = sourcecode.swift; path = ProfileView.swift; sourceTree = "<group>"; };
		65F885392A30B04900D151F1 /* NavigationStackBootcamp.swift */ = {isa = PBXFileReference; lastKnownFileType = sourcecode.swift; path = NavigationStackBootcamp.swift; sourceTree = "<group>"; };
		65F885542A33E8EF00D151F1 /* ToolbarExample.swift */ = {isa = PBXFileReference; lastKnownFileType = sourcecode.swift; path = ToolbarExample.swift; sourceTree = "<group>"; };
		65F885562A3411BD00D151F1 /* ResizableSheetBootcamp.swift */ = {isa = PBXFileReference; lastKnownFileType = sourcecode.swift; path = ResizableSheetBootcamp.swift; sourceTree = "<group>"; };
/* End PBXFileReference section */

/* Begin PBXFrameworksBuildPhase section */
		6534C2C12A12EDFD00B1D8B6 /* Frameworks */ = {
			isa = PBXFrameworksBuildPhase;
			buildActionMask = 2147483647;
			files = (
			);
			runOnlyForDeploymentPostprocessing = 0;
		};
/* End PBXFrameworksBuildPhase section */

/* Begin PBXGroup section */
		6534C2BB2A12EDFD00B1D8B6 = {
			isa = PBXGroup;
			children = (
				6534C2C62A12EDFD00B1D8B6 /* SwiftfulThinkingSwiftUIBootcamp */,
				6534C2C52A12EDFD00B1D8B6 /* Products */,
			);
			sourceTree = "<group>";
		};
		6534C2C52A12EDFD00B1D8B6 /* Products */ = {
			isa = PBXGroup;
			children = (
				6534C2C42A12EDFD00B1D8B6 /* SwiftfulThinkingSwiftUIBootcamp.app */,
			);
			name = Products;
			sourceTree = "<group>";
		};
		6534C2C62A12EDFD00B1D8B6 /* SwiftfulThinkingSwiftUIBootcamp */ = {
			isa = PBXGroup;
			children = (
				6534C2C72A12EDFD00B1D8B6 /* SwiftfulThinkingSwiftUIBootcampApp.swift */,
				6534C2C92A12EDFD00B1D8B6 /* ContentView.swift */,
				6534C2D52A12EE0100B1D8B6 /* Beginner Level */,
				6534C2CB2A12EDFE00B1D8B6 /* Assets.xcassets */,
				6534C2CD2A12EDFE00B1D8B6 /* Preview Content */,
			);
			path = SwiftfulThinkingSwiftUIBootcamp;
			sourceTree = "<group>";
		};
		6534C2CD2A12EDFE00B1D8B6 /* Preview Content */ = {
			isa = PBXGroup;
			children = (
				6534C2CE2A12EDFE00B1D8B6 /* Preview Assets.xcassets */,
			);
			path = "Preview Content";
			sourceTree = "<group>";
		};
		6534C2D52A12EE0100B1D8B6 /* Beginner Level */ = {
			isa = PBXGroup;
			children = (
				6534C2D62A12EE0E00B1D8B6 /* TextExample.swift */,
				6534C2D72A12EE0E00B1D8B6 /* ShapeExample.swift */,
				6534C2D92A12EE0E00B1D8B6 /* ColorExample.swift */,
				6534C2D82A12EE0E00B1D8B6 /* GradientExample.swift */,
				6534C2DE2A13A5EB00B1D8B6 /* SystemIconExample.swift */,
				6534C2E02A13A92B00B1D8B6 /* ImageExample.swift */,
				6534C2E22A13BB7A00B1D8B6 /* FrameExample.swift */,
				6534C2E42A1436F200B1D8B6 /* BackgroundOverlayExample.swift */,
				656BEE5F2A14D14F001D5DA0 /* StacksExample.swift */,
				656BEE612A158522001D5DA0 /* PaddingExample.swift */,
				656BEE632A158BDB001D5DA0 /* SpacerExample.swift */,
				656BEE652A184DAD001D5DA0 /* ForEachExample.swift */,
				656BEE682A1850F9001D5DA0 /* ScrollViewExample.swift */,
				656BEE6A2A1877A3001D5DA0 /* GridExample.swift */,
				656BEE6C2A18810A001D5DA0 /* SafeAreaExample.swift */,
				656BEE6E2A188CEF001D5DA0 /* ButtonExample.swift */,
				656BEE702A1890CD001D5DA0 /* StateExample.swift */,
				656BEE722A18EBFB001D5DA0 /* ExtractedFunctionExample.swift */,
				656BEE742A18F061001D5DA0 /* ExtractSubviewsExample.swift */,
				656BEE762A18F6F4001D5DA0 /* BindingExample.swift */,
				656BEE782A18FADA001D5DA0 /* ConditionalExample.swift */,
				656BEE852A198DFA001D5DA0 /* TernaryExample.swift */,
				656BEE872A19931B001D5DA0 /* AnimationExample.swift */,
				656BEE892A199741001D5DA0 /* AnimationTImingExample.swift */,
				656BEE8B2A1B9295001D5DA0 /* TransitionExample.swift */,
				656BEE8D2A1B98EC001D5DA0 /* SheetsExample.swift */,
				656BEE8F2A1BA155001D5DA0 /* PopoverExample.swift */,
				656BEE912A1D5363001D5DA0 /* NavigationViewExample.swift */,
				656BEE942A1E2EC0001D5DA0 /* ListExample.swift */,
				656B01192A1EAD3000D28F63 /* AlertExample.swift */,
				656B011B2A21725400D28F63 /* ActionSheetExample.swift */,
				656B011D2A217DCF00D28F63 /* ContextMenuExample.swift */,
				656B01212A24D21B00D28F63 /* TextFieldExample.swift */,
				656B01232A24D4A900D28F63 /* TextEditorExample.swift */,
				656B01272A24D6F100D28F63 /* ToggleBootcamp.swift */,
				656B01292A24D87300D28F63 /* PickerExample.swift */,
				656B012B2A26151700D28F63 /* ColorPickerExample.swift */,
				656B01312A2618A900D28F63 /* DatePickerExample.swift */,
				656B01332A261C2200D28F63 /* StepperExample.swift */,
				656B01352A261DF800D28F63 /* SliderExample.swift */,
				656B01372A2620B800D28F63 /* TabViewExample.swift */,
				656B01392A2625E000D28F63 /* DarkModeExample.swift */,
				656B013B2A276A6A00D28F63 /* OnAppearExample.swift */,
				656B013D2A276D9200D28F63 /* TapGestureExample.swift */,
				657AE96B2A2776A100DBEEEA /* CustomModelExample.swift */,
				657AE96D2A277AE400DBEEEA /* ViewModelExample.swift */,
				657AE96F2A27E73800DBEEEA /* EnvironmentObjectExample.swift */,
				657AE9712A28C12400DBEEEA /* AppStorageExample.swift */,
				65F885322A2FC8FF00D151F1 /* OnboardingViews */,
				657AE9732A28C5D200DBEEEA /* AsyncImageExample.swift */,
				657AE9752A28C94300DBEEEA /* BackgroundMaterialsExample.swift */,
				657AE9772A28CAE300DBEEEA /* TextSelectionExample.swift */,
				657AE9792A28CB7400DBEEEA /* ButtonStyleExample.swift */,
				657AE97B2A28CED900DBEEEA /* ListSwipeActionsExample.swift */,
				657AE97D2A28D28300DBEEEA /* BadgesExample.swift */,
				65F885122A2C13C500D151F1 /* FocusStateExample.swift */,
				65F885142A2C193700D151F1 /* SubmitTextFieldBootcamp.swift */,
				65F885392A30B04900D151F1 /* NavigationStackBootcamp.swift */,
				65F885542A33E8EF00D151F1 /* ToolbarExample.swift */,
				65F885562A3411BD00D151F1 /* ResizableSheetBootcamp.swift */,
				656220482A353FA90082840A /* SafeAreaInsetBootcamp.swift */,
				6562204A2A3542E70082840A /* GroupBootcamp.swift */,
			);
			path = "Beginner Level";
			sourceTree = "<group>";
		};
		65F885322A2FC8FF00D151F1 /* OnboardingViews */ = {
			isa = PBXGroup;
			children = (
				65F885332A2FC95100D151F1 /* IntroView.swift */,
				65F885352A2FCA9400D151F1 /* OnboardingView.swift */,
				65F885372A30ACAA00D151F1 /* ProfileView.swift */,
			);
			path = OnboardingViews;
			sourceTree = "<group>";
		};
/* End PBXGroup section */

/* Begin PBXNativeTarget section */
		6534C2C32A12EDFD00B1D8B6 /* SwiftfulThinkingSwiftUIBootcamp */ = {
			isa = PBXNativeTarget;
			buildConfigurationList = 6534C2D22A12EDFE00B1D8B6 /* Build configuration list for PBXNativeTarget "SwiftfulThinkingSwiftUIBootcamp" */;
			buildPhases = (
				6534C2C02A12EDFD00B1D8B6 /* Sources */,
				6534C2C12A12EDFD00B1D8B6 /* Frameworks */,
				6534C2C22A12EDFD00B1D8B6 /* Resources */,
			);
			buildRules = (
			);
			dependencies = (
			);
			name = SwiftfulThinkingSwiftUIBootcamp;
			productName = SwiftfulThinkingSwiftUIBootcamp;
			productReference = 6534C2C42A12EDFD00B1D8B6 /* SwiftfulThinkingSwiftUIBootcamp.app */;
			productType = "com.apple.product-type.application";
		};
/* End PBXNativeTarget section */

/* Begin PBXProject section */
		6534C2BC2A12EDFD00B1D8B6 /* Project object */ = {
			isa = PBXProject;
			attributes = {
				BuildIndependentTargetsInParallel = 1;
				LastSwiftUpdateCheck = 1430;
				LastUpgradeCheck = 1430;
				TargetAttributes = {
					6534C2C32A12EDFD00B1D8B6 = {
						CreatedOnToolsVersion = 14.3;
					};
				};
			};
			buildConfigurationList = 6534C2BF2A12EDFD00B1D8B6 /* Build configuration list for PBXProject "SwiftfulThinkingSwiftUIBootcamp" */;
			compatibilityVersion = "Xcode 14.0";
			developmentRegion = en;
			hasScannedForEncodings = 0;
			knownRegions = (
				en,
				Base,
			);
			mainGroup = 6534C2BB2A12EDFD00B1D8B6;
			productRefGroup = 6534C2C52A12EDFD00B1D8B6 /* Products */;
			projectDirPath = "";
			projectRoot = "";
			targets = (
				6534C2C32A12EDFD00B1D8B6 /* SwiftfulThinkingSwiftUIBootcamp */,
			);
		};
/* End PBXProject section */

/* Begin PBXResourcesBuildPhase section */
		6534C2C22A12EDFD00B1D8B6 /* Resources */ = {
			isa = PBXResourcesBuildPhase;
			buildActionMask = 2147483647;
			files = (
				6534C2CF2A12EDFE00B1D8B6 /* Preview Assets.xcassets in Resources */,
				6534C2CC2A12EDFE00B1D8B6 /* Assets.xcassets in Resources */,
			);
			runOnlyForDeploymentPostprocessing = 0;
		};
/* End PBXResourcesBuildPhase section */

/* Begin PBXSourcesBuildPhase section */
		6534C2C02A12EDFD00B1D8B6 /* Sources */ = {
			isa = PBXSourcesBuildPhase;
			buildActionMask = 2147483647;
			files = (
				657AE97E2A28D28300DBEEEA /* BadgesExample.swift in Sources */,
				656BEE792A18FADA001D5DA0 /* ConditionalExample.swift in Sources */,
				6534C2CA2A12EDFD00B1D8B6 /* ContentView.swift in Sources */,
				65F8853A2A30B04900D151F1 /* NavigationStackBootcamp.swift in Sources */,
				656BEE8E2A1B98EC001D5DA0 /* SheetsExample.swift in Sources */,
				656BEE6D2A18810A001D5DA0 /* SafeAreaExample.swift in Sources */,
				65F885572A3411BD00D151F1 /* ResizableSheetBootcamp.swift in Sources */,
				6534C2E52A1436F200B1D8B6 /* BackgroundOverlayExample.swift in Sources */,
				656BEE6B2A1877A3001D5DA0 /* GridExample.swift in Sources */,
				657AE9742A28C5D200DBEEEA /* AsyncImageExample.swift in Sources */,
				656BEE8C2A1B9295001D5DA0 /* TransitionExample.swift in Sources */,
				6534C2DA2A12EE0E00B1D8B6 /* TextExample.swift in Sources */,
				656B013C2A276A6A00D28F63 /* OnAppearExample.swift in Sources */,
				656B011C2A21725400D28F63 /* ActionSheetExample.swift in Sources */,
				656B01222A24D21B00D28F63 /* TextFieldExample.swift in Sources */,
				6534C2DB2A12EE0E00B1D8B6 /* ShapeExample.swift in Sources */,
				6562204B2A3542E70082840A /* GroupBootcamp.swift in Sources */,
				656B013A2A2625E000D28F63 /* DarkModeExample.swift in Sources */,
				657AE97A2A28CB7400DBEEEA /* ButtonStyleExample.swift in Sources */,
				657AE9762A28C94300DBEEEA /* BackgroundMaterialsExample.swift in Sources */,
				656B01342A261C2200D28F63 /* StepperExample.swift in Sources */,
				656BEE952A1E2EC1001D5DA0 /* ListExample.swift in Sources */,
				656BEE8A2A199741001D5DA0 /* AnimationTImingExample.swift in Sources */,
				657AE9782A28CAE300DBEEEA /* TextSelectionExample.swift in Sources */,
				65F885382A30ACAA00D151F1 /* ProfileView.swift in Sources */,
				65F885342A2FC95100D151F1 /* IntroView.swift in Sources */,
				656BEE642A158BDB001D5DA0 /* SpacerExample.swift in Sources */,
				656B01362A261DF800D28F63 /* SliderExample.swift in Sources */,
				656B01242A24D4A900D28F63 /* TextEditorExample.swift in Sources */,
				656BEE862A198DFA001D5DA0 /* TernaryExample.swift in Sources */,
				656BEE602A14D14F001D5DA0 /* StacksExample.swift in Sources */,
				656B011E2A217DCF00D28F63 /* ContextMenuExample.swift in Sources */,
				656B01322A2618A900D28F63 /* DatePickerExample.swift in Sources */,
				65F885152A2C193700D151F1 /* SubmitTextFieldBootcamp.swift in Sources */,
				656B012A2A24D87300D28F63 /* PickerExample.swift in Sources */,
				6534C2DC2A12EE0E00B1D8B6 /* GradientExample.swift in Sources */,
				6534C2E12A13A92B00B1D8B6 /* ImageExample.swift in Sources */,
				65F885362A2FCA9500D151F1 /* OnboardingView.swift in Sources */,
				656BEE882A19931B001D5DA0 /* AnimationExample.swift in Sources */,
				656B011A2A1EAD3000D28F63 /* AlertExample.swift in Sources */,
				657AE9722A28C12400DBEEEA /* AppStorageExample.swift in Sources */,
				6534C2E32A13BB7A00B1D8B6 /* FrameExample.swift in Sources */,
				656220492A353FA90082840A /* SafeAreaInsetBootcamp.swift in Sources */,
				656B01382A2620B800D28F63 /* TabViewExample.swift in Sources */,
				65F885552A33E8EF00D151F1 /* ToolbarExample.swift in Sources */,
				656B01282A24D6F100D28F63 /* ToggleBootcamp.swift in Sources */,
				656B012C2A26151700D28F63 /* ColorPickerExample.swift in Sources */,
				656BEE692A1850F9001D5DA0 /* ScrollViewExample.swift in Sources */,
				657AE9702A27E73800DBEEEA /* EnvironmentObjectExample.swift in Sources */,
				656BEE622A158522001D5DA0 /* PaddingExample.swift in Sources */,
				6534C2DF2A13A5EB00B1D8B6 /* SystemIconExample.swift in Sources */,
				656BEE772A18F6F4001D5DA0 /* BindingExample.swift in Sources */,
				657AE96C2A2776A100DBEEEA /* CustomModelExample.swift in Sources */,
				656BEE712A1890CD001D5DA0 /* StateExample.swift in Sources */,
				656BEE922A1D5363001D5DA0 /* NavigationViewExample.swift in Sources */,
				656BEE732A18EBFB001D5DA0 /* ExtractedFunctionExample.swift in Sources */,
				656BEE752A18F061001D5DA0 /* ExtractSubviewsExample.swift in Sources */,
				657AE96E2A277AE400DBEEEA /* ViewModelExample.swift in Sources */,
				656BEE662A184DAD001D5DA0 /* ForEachExample.swift in Sources */,
				6534C2DD2A12EE0E00B1D8B6 /* ColorExample.swift in Sources */,
				65F885132A2C13C500D151F1 /* FocusStateExample.swift in Sources */,
				657AE97C2A28CED900DBEEEA /* ListSwipeActionsExample.swift in Sources */,
				656B013E2A276D9200D28F63 /* TapGestureExample.swift in Sources */,
				656BEE6F2A188CEF001D5DA0 /* ButtonExample.swift in Sources */,
				656BEE902A1BA155001D5DA0 /* PopoverExample.swift in Sources */,
				6534C2C82A12EDFD00B1D8B6 /* SwiftfulThinkingSwiftUIBootcampApp.swift in Sources */,
			);
			runOnlyForDeploymentPostprocessing = 0;
		};
/* End PBXSourcesBuildPhase section */

/* Begin XCBuildConfiguration section */
		6534C2D02A12EDFE00B1D8B6 /* Debug */ = {
			isa = XCBuildConfiguration;
			buildSettings = {
				ALWAYS_SEARCH_USER_PATHS = NO;
				CLANG_ANALYZER_NONNULL = YES;
				CLANG_ANALYZER_NUMBER_OBJECT_CONVERSION = YES_AGGRESSIVE;
				CLANG_CXX_LANGUAGE_STANDARD = "gnu++20";
				CLANG_ENABLE_MODULES = YES;
				CLANG_ENABLE_OBJC_ARC = YES;
				CLANG_ENABLE_OBJC_WEAK = YES;
				CLANG_WARN_BLOCK_CAPTURE_AUTORELEASING = YES;
				CLANG_WARN_BOOL_CONVERSION = YES;
				CLANG_WARN_COMMA = YES;
				CLANG_WARN_CONSTANT_CONVERSION = YES;
				CLANG_WARN_DEPRECATED_OBJC_IMPLEMENTATIONS = YES;
				CLANG_WARN_DIRECT_OBJC_ISA_USAGE = YES_ERROR;
				CLANG_WARN_DOCUMENTATION_COMMENTS = YES;
				CLANG_WARN_EMPTY_BODY = YES;
				CLANG_WARN_ENUM_CONVERSION = YES;
				CLANG_WARN_INFINITE_RECURSION = YES;
				CLANG_WARN_INT_CONVERSION = YES;
				CLANG_WARN_NON_LITERAL_NULL_CONVERSION = YES;
				CLANG_WARN_OBJC_IMPLICIT_RETAIN_SELF = YES;
				CLANG_WARN_OBJC_LITERAL_CONVERSION = YES;
				CLANG_WARN_OBJC_ROOT_CLASS = YES_ERROR;
				CLANG_WARN_QUOTED_INCLUDE_IN_FRAMEWORK_HEADER = YES;
				CLANG_WARN_RANGE_LOOP_ANALYSIS = YES;
				CLANG_WARN_STRICT_PROTOTYPES = YES;
				CLANG_WARN_SUSPICIOUS_MOVE = YES;
				CLANG_WARN_UNGUARDED_AVAILABILITY = YES_AGGRESSIVE;
				CLANG_WARN_UNREACHABLE_CODE = YES;
				CLANG_WARN__DUPLICATE_METHOD_MATCH = YES;
				COPY_PHASE_STRIP = NO;
				DEBUG_INFORMATION_FORMAT = dwarf;
				ENABLE_STRICT_OBJC_MSGSEND = YES;
				ENABLE_TESTABILITY = YES;
				GCC_C_LANGUAGE_STANDARD = gnu11;
				GCC_DYNAMIC_NO_PIC = NO;
				GCC_NO_COMMON_BLOCKS = YES;
				GCC_OPTIMIZATION_LEVEL = 0;
				GCC_PREPROCESSOR_DEFINITIONS = (
					"DEBUG=1",
					"$(inherited)",
				);
				GCC_WARN_64_TO_32_BIT_CONVERSION = YES;
				GCC_WARN_ABOUT_RETURN_TYPE = YES_ERROR;
				GCC_WARN_UNDECLARED_SELECTOR = YES;
				GCC_WARN_UNINITIALIZED_AUTOS = YES_AGGRESSIVE;
				GCC_WARN_UNUSED_FUNCTION = YES;
				GCC_WARN_UNUSED_VARIABLE = YES;
				IPHONEOS_DEPLOYMENT_TARGET = 16.4;
				MTL_ENABLE_DEBUG_INFO = INCLUDE_SOURCE;
				MTL_FAST_MATH = YES;
				ONLY_ACTIVE_ARCH = YES;
				SDKROOT = iphoneos;
				SWIFT_ACTIVE_COMPILATION_CONDITIONS = DEBUG;
				SWIFT_OPTIMIZATION_LEVEL = "-Onone";
			};
			name = Debug;
		};
		6534C2D12A12EDFE00B1D8B6 /* Release */ = {
			isa = XCBuildConfiguration;
			buildSettings = {
				ALWAYS_SEARCH_USER_PATHS = NO;
				CLANG_ANALYZER_NONNULL = YES;
				CLANG_ANALYZER_NUMBER_OBJECT_CONVERSION = YES_AGGRESSIVE;
				CLANG_CXX_LANGUAGE_STANDARD = "gnu++20";
				CLANG_ENABLE_MODULES = YES;
				CLANG_ENABLE_OBJC_ARC = YES;
				CLANG_ENABLE_OBJC_WEAK = YES;
				CLANG_WARN_BLOCK_CAPTURE_AUTORELEASING = YES;
				CLANG_WARN_BOOL_CONVERSION = YES;
				CLANG_WARN_COMMA = YES;
				CLANG_WARN_CONSTANT_CONVERSION = YES;
				CLANG_WARN_DEPRECATED_OBJC_IMPLEMENTATIONS = YES;
				CLANG_WARN_DIRECT_OBJC_ISA_USAGE = YES_ERROR;
				CLANG_WARN_DOCUMENTATION_COMMENTS = YES;
				CLANG_WARN_EMPTY_BODY = YES;
				CLANG_WARN_ENUM_CONVERSION = YES;
				CLANG_WARN_INFINITE_RECURSION = YES;
				CLANG_WARN_INT_CONVERSION = YES;
				CLANG_WARN_NON_LITERAL_NULL_CONVERSION = YES;
				CLANG_WARN_OBJC_IMPLICIT_RETAIN_SELF = YES;
				CLANG_WARN_OBJC_LITERAL_CONVERSION = YES;
				CLANG_WARN_OBJC_ROOT_CLASS = YES_ERROR;
				CLANG_WARN_QUOTED_INCLUDE_IN_FRAMEWORK_HEADER = YES;
				CLANG_WARN_RANGE_LOOP_ANALYSIS = YES;
				CLANG_WARN_STRICT_PROTOTYPES = YES;
				CLANG_WARN_SUSPICIOUS_MOVE = YES;
				CLANG_WARN_UNGUARDED_AVAILABILITY = YES_AGGRESSIVE;
				CLANG_WARN_UNREACHABLE_CODE = YES;
				CLANG_WARN__DUPLICATE_METHOD_MATCH = YES;
				COPY_PHASE_STRIP = NO;
				DEBUG_INFORMATION_FORMAT = "dwarf-with-dsym";
				ENABLE_NS_ASSERTIONS = NO;
				ENABLE_STRICT_OBJC_MSGSEND = YES;
				GCC_C_LANGUAGE_STANDARD = gnu11;
				GCC_NO_COMMON_BLOCKS = YES;
				GCC_WARN_64_TO_32_BIT_CONVERSION = YES;
				GCC_WARN_ABOUT_RETURN_TYPE = YES_ERROR;
				GCC_WARN_UNDECLARED_SELECTOR = YES;
				GCC_WARN_UNINITIALIZED_AUTOS = YES_AGGRESSIVE;
				GCC_WARN_UNUSED_FUNCTION = YES;
				GCC_WARN_UNUSED_VARIABLE = YES;
				IPHONEOS_DEPLOYMENT_TARGET = 16.4;
				MTL_ENABLE_DEBUG_INFO = NO;
				MTL_FAST_MATH = YES;
				SDKROOT = iphoneos;
				SWIFT_COMPILATION_MODE = wholemodule;
				SWIFT_OPTIMIZATION_LEVEL = "-O";
				VALIDATE_PRODUCT = YES;
			};
			name = Release;
		};
		6534C2D32A12EDFE00B1D8B6 /* Debug */ = {
			isa = XCBuildConfiguration;
			buildSettings = {
				ASSETCATALOG_COMPILER_APPICON_NAME = AppIcon;
				ASSETCATALOG_COMPILER_GLOBAL_ACCENT_COLOR_NAME = AccentColor;
				CODE_SIGN_STYLE = Automatic;
				CURRENT_PROJECT_VERSION = 1;
				DEVELOPMENT_ASSET_PATHS = "\"SwiftfulThinkingSwiftUIBootcamp/Preview Content\"";
				DEVELOPMENT_TEAM = D8Z3QRBB63;
				ENABLE_PREVIEWS = YES;
				GENERATE_INFOPLIST_FILE = YES;
				INFOPLIST_KEY_UIApplicationSceneManifest_Generation = YES;
				INFOPLIST_KEY_UIApplicationSupportsIndirectInputEvents = YES;
				INFOPLIST_KEY_UILaunchScreen_Generation = YES;
				INFOPLIST_KEY_UISupportedInterfaceOrientations_iPad = "UIInterfaceOrientationPortrait UIInterfaceOrientationPortraitUpsideDown UIInterfaceOrientationLandscapeLeft UIInterfaceOrientationLandscapeRight";
				INFOPLIST_KEY_UISupportedInterfaceOrientations_iPhone = "UIInterfaceOrientationPortrait UIInterfaceOrientationLandscapeLeft UIInterfaceOrientationLandscapeRight";
				LD_RUNPATH_SEARCH_PATHS = (
					"$(inherited)",
					"@executable_path/Frameworks",
				);
				MARKETING_VERSION = 1.0;
				PRODUCT_BUNDLE_IDENTIFIER = com.cskime.SwiftfulThinkingSwiftUIBootcamp;
				PRODUCT_NAME = "$(TARGET_NAME)";
				SWIFT_EMIT_LOC_STRINGS = YES;
				SWIFT_VERSION = 5.0;
				TARGETED_DEVICE_FAMILY = "1,2";
			};
			name = Debug;
		};
		6534C2D42A12EDFE00B1D8B6 /* Release */ = {
			isa = XCBuildConfiguration;
			buildSettings = {
				ASSETCATALOG_COMPILER_APPICON_NAME = AppIcon;
				ASSETCATALOG_COMPILER_GLOBAL_ACCENT_COLOR_NAME = AccentColor;
				CODE_SIGN_STYLE = Automatic;
				CURRENT_PROJECT_VERSION = 1;
				DEVELOPMENT_ASSET_PATHS = "\"SwiftfulThinkingSwiftUIBootcamp/Preview Content\"";
				DEVELOPMENT_TEAM = D8Z3QRBB63;
				ENABLE_PREVIEWS = YES;
				GENERATE_INFOPLIST_FILE = YES;
				INFOPLIST_KEY_UIApplicationSceneManifest_Generation = YES;
				INFOPLIST_KEY_UIApplicationSupportsIndirectInputEvents = YES;
				INFOPLIST_KEY_UILaunchScreen_Generation = YES;
				INFOPLIST_KEY_UISupportedInterfaceOrientations_iPad = "UIInterfaceOrientationPortrait UIInterfaceOrientationPortraitUpsideDown UIInterfaceOrientationLandscapeLeft UIInterfaceOrientationLandscapeRight";
				INFOPLIST_KEY_UISupportedInterfaceOrientations_iPhone = "UIInterfaceOrientationPortrait UIInterfaceOrientationLandscapeLeft UIInterfaceOrientationLandscapeRight";
				LD_RUNPATH_SEARCH_PATHS = (
					"$(inherited)",
					"@executable_path/Frameworks",
				);
				MARKETING_VERSION = 1.0;
				PRODUCT_BUNDLE_IDENTIFIER = com.cskime.SwiftfulThinkingSwiftUIBootcamp;
				PRODUCT_NAME = "$(TARGET_NAME)";
				SWIFT_EMIT_LOC_STRINGS = YES;
				SWIFT_VERSION = 5.0;
				TARGETED_DEVICE_FAMILY = "1,2";
			};
			name = Release;
		};
/* End XCBuildConfiguration section */

/* Begin XCConfigurationList section */
		6534C2BF2A12EDFD00B1D8B6 /* Build configuration list for PBXProject "SwiftfulThinkingSwiftUIBootcamp" */ = {
			isa = XCConfigurationList;
			buildConfigurations = (
				6534C2D02A12EDFE00B1D8B6 /* Debug */,
				6534C2D12A12EDFE00B1D8B6 /* Release */,
			);
			defaultConfigurationIsVisible = 0;
			defaultConfigurationName = Release;
		};
		6534C2D22A12EDFE00B1D8B6 /* Build configuration list for PBXNativeTarget "SwiftfulThinkingSwiftUIBootcamp" */ = {
			isa = XCConfigurationList;
			buildConfigurations = (
				6534C2D32A12EDFE00B1D8B6 /* Debug */,
				6534C2D42A12EDFE00B1D8B6 /* Release */,
			);
			defaultConfigurationIsVisible = 0;
			defaultConfigurationName = Release;
		};
/* End XCConfigurationList section */
	};
	rootObject = 6534C2BC2A12EDFD00B1D8B6 /* Project object */;
}
