// !$*UTF8*$!
{
	archiveVersion = 1;
	classes = {
	};
	objectVersion = 56;
	objects = {

/* Begin PBXBuildFile section */
		6534C24D29F6BC8800B1D8B6 /* Essentials_Learning_SwiftUIApp.swift in Sources */ = {isa = PBXBuildFile; fileRef = 6534C24C29F6BC8800B1D8B6 /* Essentials_Learning_SwiftUIApp.swift */; };
		6534C24F29F6BC8800B1D8B6 /* ContentView.swift in Sources */ = {isa = PBXBuildFile; fileRef = 6534C24E29F6BC8800B1D8B6 /* ContentView.swift */; };
		6534C25129F6BC8A00B1D8B6 /* Assets.xcassets in Resources */ = {isa = PBXBuildFile; fileRef = 6534C25029F6BC8A00B1D8B6 /* Assets.xcassets */; };
		6534C25429F6BC8A00B1D8B6 /* Preview Assets.xcassets in Resources */ = {isa = PBXBuildFile; fileRef = 6534C25329F6BC8A00B1D8B6 /* Preview Assets.xcassets */; };
		6534C25B29F7FFA200B1D8B6 /* KeywordBubbleDefaultPadding.swift in Sources */ = {isa = PBXBuildFile; fileRef = 6534C25A29F7FFA200B1D8B6 /* KeywordBubbleDefaultPadding.swift */; };
		6534C25D29FCAF3100B1D8B6 /* CaptionedPhoto.swift in Sources */ = {isa = PBXBuildFile; fileRef = 6534C25C29FCAF3100B1D8B6 /* CaptionedPhoto.swift */; };
		6534C25F29FDDE8A00B1D8B6 /* IfElseTrain.swift in Sources */ = {isa = PBXBuildFile; fileRef = 6534C25E29FDDE8A00B1D8B6 /* IfElseTrain.swift */; };
		6534C2612A0132F900B1D8B6 /* EventTile.swift in Sources */ = {isa = PBXBuildFile; fileRef = 6534C2602A0132F900B1D8B6 /* EventTile.swift */; };
		6534C2632A0D15F900B1D8B6 /* TrainCar.swift in Sources */ = {isa = PBXBuildFile; fileRef = 6534C2622A0D15F900B1D8B6 /* TrainCar.swift */; };
		6534C2652A0D176900B1D8B6 /* DefaultSpacing.swift in Sources */ = {isa = PBXBuildFile; fileRef = 6534C2642A0D176900B1D8B6 /* DefaultSpacing.swift */; };
		6534C2672A0EE20B00B1D8B6 /* SpecificSpacing.swift in Sources */ = {isa = PBXBuildFile; fileRef = 6534C2662A0EE20B00B1D8B6 /* SpecificSpacing.swift */; };
		6534C26B2A10352400B1D8B6 /* AddingSpacer.swift in Sources */ = {isa = PBXBuildFile; fileRef = 6534C26A2A10352400B1D8B6 /* AddingSpacer.swift */; };
		6534C2762A1065BE00B1D8B6 /* StarRating.swift in Sources */ = {isa = PBXBuildFile; fileRef = 6534C2752A1065BE00B1D8B6 /* StarRating.swift */; };
		6534C2782A106F3600B1D8B6 /* RegularTitleView.swift in Sources */ = {isa = PBXBuildFile; fileRef = 6534C2772A106F3600B1D8B6 /* RegularTitleView.swift */; };
/* End PBXBuildFile section */

/* Begin PBXFileReference section */
		6534C24929F6BC8800B1D8B6 /* Essentials-Learning-SwiftUI.app */ = {isa = PBXFileReference; explicitFileType = wrapper.application; includeInIndex = 0; path = "Essentials-Learning-SwiftUI.app"; sourceTree = BUILT_PRODUCTS_DIR; };
		6534C24C29F6BC8800B1D8B6 /* Essentials_Learning_SwiftUIApp.swift */ = {isa = PBXFileReference; lastKnownFileType = sourcecode.swift; path = Essentials_Learning_SwiftUIApp.swift; sourceTree = "<group>"; };
		6534C24E29F6BC8800B1D8B6 /* ContentView.swift */ = {isa = PBXFileReference; lastKnownFileType = sourcecode.swift; path = ContentView.swift; sourceTree = "<group>"; };
		6534C25029F6BC8A00B1D8B6 /* Assets.xcassets */ = {isa = PBXFileReference; lastKnownFileType = folder.assetcatalog; path = Assets.xcassets; sourceTree = "<group>"; };
		6534C25329F6BC8A00B1D8B6 /* Preview Assets.xcassets */ = {isa = PBXFileReference; lastKnownFileType = folder.assetcatalog; path = "Preview Assets.xcassets"; sourceTree = "<group>"; };
		6534C25A29F7FFA200B1D8B6 /* KeywordBubbleDefaultPadding.swift */ = {isa = PBXFileReference; lastKnownFileType = sourcecode.swift; path = KeywordBubbleDefaultPadding.swift; sourceTree = "<group>"; };
		6534C25C29FCAF3100B1D8B6 /* CaptionedPhoto.swift */ = {isa = PBXFileReference; lastKnownFileType = sourcecode.swift; path = CaptionedPhoto.swift; sourceTree = "<group>"; };
		6534C25E29FDDE8A00B1D8B6 /* IfElseTrain.swift */ = {isa = PBXFileReference; lastKnownFileType = sourcecode.swift; path = IfElseTrain.swift; sourceTree = "<group>"; };
		6534C2602A0132F900B1D8B6 /* EventTile.swift */ = {isa = PBXFileReference; lastKnownFileType = sourcecode.swift; path = EventTile.swift; sourceTree = "<group>"; };
		6534C2622A0D15F900B1D8B6 /* TrainCar.swift */ = {isa = PBXFileReference; lastKnownFileType = sourcecode.swift; path = TrainCar.swift; sourceTree = "<group>"; };
		6534C2642A0D176900B1D8B6 /* DefaultSpacing.swift */ = {isa = PBXFileReference; lastKnownFileType = sourcecode.swift; path = DefaultSpacing.swift; sourceTree = "<group>"; };
		6534C2662A0EE20B00B1D8B6 /* SpecificSpacing.swift */ = {isa = PBXFileReference; lastKnownFileType = sourcecode.swift; path = SpecificSpacing.swift; sourceTree = "<group>"; };
		6534C26A2A10352400B1D8B6 /* AddingSpacer.swift */ = {isa = PBXFileReference; lastKnownFileType = sourcecode.swift; path = AddingSpacer.swift; sourceTree = "<group>"; };
		6534C2752A1065BE00B1D8B6 /* StarRating.swift */ = {isa = PBXFileReference; lastKnownFileType = sourcecode.swift; path = StarRating.swift; sourceTree = "<group>"; };
		6534C2772A106F3600B1D8B6 /* RegularTitleView.swift */ = {isa = PBXFileReference; lastKnownFileType = sourcecode.swift; path = RegularTitleView.swift; sourceTree = "<group>"; };
/* End PBXFileReference section */

/* Begin PBXFrameworksBuildPhase section */
		6534C24629F6BC8800B1D8B6 /* Frameworks */ = {
			isa = PBXFrameworksBuildPhase;
			buildActionMask = 2147483647;
			files = (
			);
			runOnlyForDeploymentPostprocessing = 0;
		};
/* End PBXFrameworksBuildPhase section */

/* Begin PBXGroup section */
		6534C24029F6BC8800B1D8B6 = {
			isa = PBXGroup;
			children = (
				6534C24B29F6BC8800B1D8B6 /* Essentials-Learning-SwiftUI */,
				6534C24A29F6BC8800B1D8B6 /* Products */,
			);
			sourceTree = "<group>";
		};
		6534C24A29F6BC8800B1D8B6 /* Products */ = {
			isa = PBXGroup;
			children = (
				6534C24929F6BC8800B1D8B6 /* Essentials-Learning-SwiftUI.app */,
			);
			name = Products;
			sourceTree = "<group>";
		};
		6534C24B29F6BC8800B1D8B6 /* Essentials-Learning-SwiftUI */ = {
			isa = PBXGroup;
			children = (
				6534C24C29F6BC8800B1D8B6 /* Essentials_Learning_SwiftUIApp.swift */,
				6534C24E29F6BC8800B1D8B6 /* ContentView.swift */,
				6534C25C29FCAF3100B1D8B6 /* CaptionedPhoto.swift */,
				6534C25E29FDDE8A00B1D8B6 /* IfElseTrain.swift */,
				6534C25A29F7FFA200B1D8B6 /* KeywordBubbleDefaultPadding.swift */,
				6534C2602A0132F900B1D8B6 /* EventTile.swift */,
				6534C2622A0D15F900B1D8B6 /* TrainCar.swift */,
				6534C2642A0D176900B1D8B6 /* DefaultSpacing.swift */,
				6534C2662A0EE20B00B1D8B6 /* SpecificSpacing.swift */,
				6534C26A2A10352400B1D8B6 /* AddingSpacer.swift */,
				6534C2752A1065BE00B1D8B6 /* StarRating.swift */,
				6534C2772A106F3600B1D8B6 /* RegularTitleView.swift */,
				6534C25029F6BC8A00B1D8B6 /* Assets.xcassets */,
				6534C25229F6BC8A00B1D8B6 /* Preview Content */,
			);
			path = "Essentials-Learning-SwiftUI";
			sourceTree = "<group>";
		};
		6534C25229F6BC8A00B1D8B6 /* Preview Content */ = {
			isa = PBXGroup;
			children = (
				6534C25329F6BC8A00B1D8B6 /* Preview Assets.xcassets */,
			);
			path = "Preview Content";
			sourceTree = "<group>";
		};
/* End PBXGroup section */

/* Begin PBXNativeTarget section */
		6534C24829F6BC8800B1D8B6 /* Essentials-Learning-SwiftUI */ = {
			isa = PBXNativeTarget;
			buildConfigurationList = 6534C25729F6BC8A00B1D8B6 /* Build configuration list for PBXNativeTarget "Essentials-Learning-SwiftUI" */;
			buildPhases = (
				6534C24529F6BC8800B1D8B6 /* Sources */,
				6534C24629F6BC8800B1D8B6 /* Frameworks */,
				6534C24729F6BC8800B1D8B6 /* Resources */,
			);
			buildRules = (
			);
			dependencies = (
			);
			name = "Essentials-Learning-SwiftUI";
			productName = "Essentials-Learning-SwiftUI";
			productReference = 6534C24929F6BC8800B1D8B6 /* Essentials-Learning-SwiftUI.app */;
			productType = "com.apple.product-type.application";
		};
/* End PBXNativeTarget section */

/* Begin PBXProject section */
		6534C24129F6BC8800B1D8B6 /* Project object */ = {
			isa = PBXProject;
			attributes = {
				BuildIndependentTargetsInParallel = 1;
				LastSwiftUpdateCheck = 1430;
				LastUpgradeCheck = 1430;
				TargetAttributes = {
					6534C24829F6BC8800B1D8B6 = {
						CreatedOnToolsVersion = 14.3;
					};
				};
			};
			buildConfigurationList = 6534C24429F6BC8800B1D8B6 /* Build configuration list for PBXProject "Essentials-Learning-SwiftUI" */;
			compatibilityVersion = "Xcode 14.0";
			developmentRegion = en;
			hasScannedForEncodings = 0;
			knownRegions = (
				en,
				Base,
			);
			mainGroup = 6534C24029F6BC8800B1D8B6;
			productRefGroup = 6534C24A29F6BC8800B1D8B6 /* Products */;
			projectDirPath = "";
			projectRoot = "";
			targets = (
				6534C24829F6BC8800B1D8B6 /* Essentials-Learning-SwiftUI */,
			);
		};
/* End PBXProject section */

/* Begin PBXResourcesBuildPhase section */
		6534C24729F6BC8800B1D8B6 /* Resources */ = {
			isa = PBXResourcesBuildPhase;
			buildActionMask = 2147483647;
			files = (
				6534C25429F6BC8A00B1D8B6 /* Preview Assets.xcassets in Resources */,
				6534C25129F6BC8A00B1D8B6 /* Assets.xcassets in Resources */,
			);
			runOnlyForDeploymentPostprocessing = 0;
		};
/* End PBXResourcesBuildPhase section */

/* Begin PBXSourcesBuildPhase section */
		6534C24529F6BC8800B1D8B6 /* Sources */ = {
			isa = PBXSourcesBuildPhase;
			buildActionMask = 2147483647;
			files = (
				6534C2782A106F3600B1D8B6 /* RegularTitleView.swift in Sources */,
				6534C2612A0132F900B1D8B6 /* EventTile.swift in Sources */,
				6534C2652A0D176900B1D8B6 /* DefaultSpacing.swift in Sources */,
				6534C25D29FCAF3100B1D8B6 /* CaptionedPhoto.swift in Sources */,
				6534C25F29FDDE8A00B1D8B6 /* IfElseTrain.swift in Sources */,
				6534C24F29F6BC8800B1D8B6 /* ContentView.swift in Sources */,
				6534C25B29F7FFA200B1D8B6 /* KeywordBubbleDefaultPadding.swift in Sources */,
				6534C2672A0EE20B00B1D8B6 /* SpecificSpacing.swift in Sources */,
				6534C24D29F6BC8800B1D8B6 /* Essentials_Learning_SwiftUIApp.swift in Sources */,
				6534C2762A1065BE00B1D8B6 /* StarRating.swift in Sources */,
				6534C2632A0D15F900B1D8B6 /* TrainCar.swift in Sources */,
				6534C26B2A10352400B1D8B6 /* AddingSpacer.swift in Sources */,
			);
			runOnlyForDeploymentPostprocessing = 0;
		};
/* End PBXSourcesBuildPhase section */

/* Begin XCBuildConfiguration section */
		6534C25529F6BC8A00B1D8B6 /* Debug */ = {
			isa = XCBuildConfiguration;
			buildSettings = {
				ALWAYS_SEARCH_USER_PATHS = NO;
				CLANG_ANALYZER_NONNULL = YES;
				CLANG_ANALYZER_NUMBER_OBJECT_CONVERSION = YES_AGGRESSIVE;
				CLANG_CXX_LANGUAGE_STANDARD = "gnu++20";
				CLANG_ENABLE_MODULES = YES;
				CLANG_ENABLE_OBJC_ARC = YES;
				CLANG_ENABLE_OBJC_WEAK = YES;
				CLANG_WARN_BLOCK_CAPTURE_AUTORELEASING = YES;
				CLANG_WARN_BOOL_CONVERSION = YES;
				CLANG_WARN_COMMA = YES;
				CLANG_WARN_CONSTANT_CONVERSION = YES;
				CLANG_WARN_DEPRECATED_OBJC_IMPLEMENTATIONS = YES;
				CLANG_WARN_DIRECT_OBJC_ISA_USAGE = YES_ERROR;
				CLANG_WARN_DOCUMENTATION_COMMENTS = YES;
				CLANG_WARN_EMPTY_BODY = YES;
				CLANG_WARN_ENUM_CONVERSION = YES;
				CLANG_WARN_INFINITE_RECURSION = YES;
				CLANG_WARN_INT_CONVERSION = YES;
				CLANG_WARN_NON_LITERAL_NULL_CONVERSION = YES;
				CLANG_WARN_OBJC_IMPLICIT_RETAIN_SELF = YES;
				CLANG_WARN_OBJC_LITERAL_CONVERSION = YES;
				CLANG_WARN_OBJC_ROOT_CLASS = YES_ERROR;
				CLANG_WARN_QUOTED_INCLUDE_IN_FRAMEWORK_HEADER = YES;
				CLANG_WARN_RANGE_LOOP_ANALYSIS = YES;
				CLANG_WARN_STRICT_PROTOTYPES = YES;
				CLANG_WARN_SUSPICIOUS_MOVE = YES;
				CLANG_WARN_UNGUARDED_AVAILABILITY = YES_AGGRESSIVE;
				CLANG_WARN_UNREACHABLE_CODE = YES;
				CLANG_WARN__DUPLICATE_METHOD_MATCH = YES;
				COPY_PHASE_STRIP = NO;
				DEBUG_INFORMATION_FORMAT = dwarf;
				ENABLE_STRICT_OBJC_MSGSEND = YES;
				ENABLE_TESTABILITY = YES;
				GCC_C_LANGUAGE_STANDARD = gnu11;
				GCC_DYNAMIC_NO_PIC = NO;
				GCC_NO_COMMON_BLOCKS = YES;
				GCC_OPTIMIZATION_LEVEL = 0;
				GCC_PREPROCESSOR_DEFINITIONS = (
					"DEBUG=1",
					"$(inherited)",
				);
				GCC_WARN_64_TO_32_BIT_CONVERSION = YES;
				GCC_WARN_ABOUT_RETURN_TYPE = YES_ERROR;
				GCC_WARN_UNDECLARED_SELECTOR = YES;
				GCC_WARN_UNINITIALIZED_AUTOS = YES_AGGRESSIVE;
				GCC_WARN_UNUSED_FUNCTION = YES;
				GCC_WARN_UNUSED_VARIABLE = YES;
				IPHONEOS_DEPLOYMENT_TARGET = 16.4;
				MTL_ENABLE_DEBUG_INFO = INCLUDE_SOURCE;
				MTL_FAST_MATH = YES;
				ONLY_ACTIVE_ARCH = YES;
				SDKROOT = iphoneos;
				SWIFT_ACTIVE_COMPILATION_CONDITIONS = DEBUG;
				SWIFT_OPTIMIZATION_LEVEL = "-Onone";
			};
			name = Debug;
		};
		6534C25629F6BC8A00B1D8B6 /* Release */ = {
			isa = XCBuildConfiguration;
			buildSettings = {
				ALWAYS_SEARCH_USER_PATHS = NO;
				CLANG_ANALYZER_NONNULL = YES;
				CLANG_ANALYZER_NUMBER_OBJECT_CONVERSION = YES_AGGRESSIVE;
				CLANG_CXX_LANGUAGE_STANDARD = "gnu++20";
				CLANG_ENABLE_MODULES = YES;
				CLANG_ENABLE_OBJC_ARC = YES;
				CLANG_ENABLE_OBJC_WEAK = YES;
				CLANG_WARN_BLOCK_CAPTURE_AUTORELEASING = YES;
				CLANG_WARN_BOOL_CONVERSION = YES;
				CLANG_WARN_COMMA = YES;
				CLANG_WARN_CONSTANT_CONVERSION = YES;
				CLANG_WARN_DEPRECATED_OBJC_IMPLEMENTATIONS = YES;
				CLANG_WARN_DIRECT_OBJC_ISA_USAGE = YES_ERROR;
				CLANG_WARN_DOCUMENTATION_COMMENTS = YES;
				CLANG_WARN_EMPTY_BODY = YES;
				CLANG_WARN_ENUM_CONVERSION = YES;
				CLANG_WARN_INFINITE_RECURSION = YES;
				CLANG_WARN_INT_CONVERSION = YES;
				CLANG_WARN_NON_LITERAL_NULL_CONVERSION = YES;
				CLANG_WARN_OBJC_IMPLICIT_RETAIN_SELF = YES;
				CLANG_WARN_OBJC_LITERAL_CONVERSION = YES;
				CLANG_WARN_OBJC_ROOT_CLASS = YES_ERROR;
				CLANG_WARN_QUOTED_INCLUDE_IN_FRAMEWORK_HEADER = YES;
				CLANG_WARN_RANGE_LOOP_ANALYSIS = YES;
				CLANG_WARN_STRICT_PROTOTYPES = YES;
				CLANG_WARN_SUSPICIOUS_MOVE = YES;
				CLANG_WARN_UNGUARDED_AVAILABILITY = YES_AGGRESSIVE;
				CLANG_WARN_UNREACHABLE_CODE = YES;
				CLANG_WARN__DUPLICATE_METHOD_MATCH = YES;
				COPY_PHASE_STRIP = NO;
				DEBUG_INFORMATION_FORMAT = "dwarf-with-dsym";
				ENABLE_NS_ASSERTIONS = NO;
				ENABLE_STRICT_OBJC_MSGSEND = YES;
				GCC_C_LANGUAGE_STANDARD = gnu11;
				GCC_NO_COMMON_BLOCKS = YES;
				GCC_WARN_64_TO_32_BIT_CONVERSION = YES;
				GCC_WARN_ABOUT_RETURN_TYPE = YES_ERROR;
				GCC_WARN_UNDECLARED_SELECTOR = YES;
				GCC_WARN_UNINITIALIZED_AUTOS = YES_AGGRESSIVE;
				GCC_WARN_UNUSED_FUNCTION = YES;
				GCC_WARN_UNUSED_VARIABLE = YES;
				IPHONEOS_DEPLOYMENT_TARGET = 16.4;
				MTL_ENABLE_DEBUG_INFO = NO;
				MTL_FAST_MATH = YES;
				SDKROOT = iphoneos;
				SWIFT_COMPILATION_MODE = wholemodule;
				SWIFT_OPTIMIZATION_LEVEL = "-O";
				VALIDATE_PRODUCT = YES;
			};
			name = Release;
		};
		6534C25829F6BC8A00B1D8B6 /* Debug */ = {
			isa = XCBuildConfiguration;
			buildSettings = {
				ASSETCATALOG_COMPILER_APPICON_NAME = AppIcon;
				ASSETCATALOG_COMPILER_GLOBAL_ACCENT_COLOR_NAME = AccentColor;
				CODE_SIGN_STYLE = Automatic;
				CURRENT_PROJECT_VERSION = 1;
				DEVELOPMENT_ASSET_PATHS = "\"Essentials-Learning-SwiftUI/Preview Content\"";
				DEVELOPMENT_TEAM = D8Z3QRBB63;
				ENABLE_PREVIEWS = YES;
				GENERATE_INFOPLIST_FILE = YES;
				INFOPLIST_KEY_UIApplicationSceneManifest_Generation = YES;
				INFOPLIST_KEY_UIApplicationSupportsIndirectInputEvents = YES;
				INFOPLIST_KEY_UILaunchScreen_Generation = YES;
				INFOPLIST_KEY_UISupportedInterfaceOrientations_iPad = "UIInterfaceOrientationPortrait UIInterfaceOrientationPortraitUpsideDown UIInterfaceOrientationLandscapeLeft UIInterfaceOrientationLandscapeRight";
				INFOPLIST_KEY_UISupportedInterfaceOrientations_iPhone = "UIInterfaceOrientationPortrait UIInterfaceOrientationLandscapeLeft UIInterfaceOrientationLandscapeRight";
				LD_RUNPATH_SEARCH_PATHS = (
					"$(inherited)",
					"@executable_path/Frameworks",
				);
				MARKETING_VERSION = 1.0;
				PRODUCT_BUNDLE_IDENTIFIER = "com.cskime.Essentials-Learning-SwiftUI";
				PRODUCT_NAME = "$(TARGET_NAME)";
				SWIFT_EMIT_LOC_STRINGS = YES;
				SWIFT_VERSION = 5.0;
				TARGETED_DEVICE_FAMILY = "1,2";
			};
			name = Debug;
		};
		6534C25929F6BC8A00B1D8B6 /* Release */ = {
			isa = XCBuildConfiguration;
			buildSettings = {
				ASSETCATALOG_COMPILER_APPICON_NAME = AppIcon;
				ASSETCATALOG_COMPILER_GLOBAL_ACCENT_COLOR_NAME = AccentColor;
				CODE_SIGN_STYLE = Automatic;
				CURRENT_PROJECT_VERSION = 1;
				DEVELOPMENT_ASSET_PATHS = "\"Essentials-Learning-SwiftUI/Preview Content\"";
				DEVELOPMENT_TEAM = D8Z3QRBB63;
				ENABLE_PREVIEWS = YES;
				GENERATE_INFOPLIST_FILE = YES;
				INFOPLIST_KEY_UIApplicationSceneManifest_Generation = YES;
				INFOPLIST_KEY_UIApplicationSupportsIndirectInputEvents = YES;
				INFOPLIST_KEY_UILaunchScreen_Generation = YES;
				INFOPLIST_KEY_UISupportedInterfaceOrientations_iPad = "UIInterfaceOrientationPortrait UIInterfaceOrientationPortraitUpsideDown UIInterfaceOrientationLandscapeLeft UIInterfaceOrientationLandscapeRight";
				INFOPLIST_KEY_UISupportedInterfaceOrientations_iPhone = "UIInterfaceOrientationPortrait UIInterfaceOrientationLandscapeLeft UIInterfaceOrientationLandscapeRight";
				LD_RUNPATH_SEARCH_PATHS = (
					"$(inherited)",
					"@executable_path/Frameworks",
				);
				MARKETING_VERSION = 1.0;
				PRODUCT_BUNDLE_IDENTIFIER = "com.cskime.Essentials-Learning-SwiftUI";
				PRODUCT_NAME = "$(TARGET_NAME)";
				SWIFT_EMIT_LOC_STRINGS = YES;
				SWIFT_VERSION = 5.0;
				TARGETED_DEVICE_FAMILY = "1,2";
			};
			name = Release;
		};
/* End XCBuildConfiguration section */

/* Begin XCConfigurationList section */
		6534C24429F6BC8800B1D8B6 /* Build configuration list for PBXProject "Essentials-Learning-SwiftUI" */ = {
			isa = XCConfigurationList;
			buildConfigurations = (
				6534C25529F6BC8A00B1D8B6 /* Debug */,
				6534C25629F6BC8A00B1D8B6 /* Release */,
			);
			defaultConfigurationIsVisible = 0;
			defaultConfigurationName = Release;
		};
		6534C25729F6BC8A00B1D8B6 /* Build configuration list for PBXNativeTarget "Essentials-Learning-SwiftUI" */ = {
			isa = XCConfigurationList;
			buildConfigurations = (
				6534C25829F6BC8A00B1D8B6 /* Debug */,
				6534C25929F6BC8A00B1D8B6 /* Release */,
			);
			defaultConfigurationIsVisible = 0;
			defaultConfigurationName = Release;
		};
/* End XCConfigurationList section */
	};
	rootObject = 6534C24129F6BC8800B1D8B6 /* Project object */;
}
