// !$*UTF8*$!
{
	archiveVersion = 1;
	classes = {
	};
	objectVersion = 56;
	objects = {

/* Begin PBXBuildFile section */
		655D9BAE2A3C3BC4005E133E /* SwiftulThinkingSwiftUIToDoListApp.swift in Sources */ = {isa = PBXBuildFile; fileRef = 655D9BAD2A3C3BC4005E133E /* SwiftulThinkingSwiftUIToDoListApp.swift */; };
		655D9BB22A3C3BC5005E133E /* Assets.xcassets in Resources */ = {isa = PBXBuildFile; fileRef = 655D9BB12A3C3BC5005E133E /* Assets.xcassets */; };
		655D9BB52A3C3BC5005E133E /* Preview Assets.xcassets in Resources */ = {isa = PBXBuildFile; fileRef = 655D9BB42A3C3BC5005E133E /* Preview Assets.xcassets */; };
		655D9BBD2A3C3E11005E133E /* ListView.swift in Sources */ = {isa = PBXBuildFile; fileRef = 655D9BBC2A3C3E11005E133E /* ListView.swift */; };
		655D9BBF2A3C4204005E133E /* ListRowView.swift in Sources */ = {isa = PBXBuildFile; fileRef = 655D9BBE2A3C4204005E133E /* ListRowView.swift */; };
		655D9BC12A3C4346005E133E /* AddView.swift in Sources */ = {isa = PBXBuildFile; fileRef = 655D9BC02A3C4346005E133E /* AddView.swift */; };
		655D9BC42A3C4788005E133E /* ItemModel.swift in Sources */ = {isa = PBXBuildFile; fileRef = 655D9BC32A3C4788005E133E /* ItemModel.swift */; };
/* End PBXBuildFile section */

/* Begin PBXFileReference section */
		655D9BAA2A3C3BC4005E133E /* SwiftulThinkingSwiftUIToDoList.app */ = {isa = PBXFileReference; explicitFileType = wrapper.application; includeInIndex = 0; path = SwiftulThinkingSwiftUIToDoList.app; sourceTree = BUILT_PRODUCTS_DIR; };
		655D9BAD2A3C3BC4005E133E /* SwiftulThinkingSwiftUIToDoListApp.swift */ = {isa = PBXFileReference; lastKnownFileType = sourcecode.swift; path = SwiftulThinkingSwiftUIToDoListApp.swift; sourceTree = "<group>"; };
		655D9BB12A3C3BC5005E133E /* Assets.xcassets */ = {isa = PBXFileReference; lastKnownFileType = folder.assetcatalog; path = Assets.xcassets; sourceTree = "<group>"; };
		655D9BB42A3C3BC5005E133E /* Preview Assets.xcassets */ = {isa = PBXFileReference; lastKnownFileType = folder.assetcatalog; path = "Preview Assets.xcassets"; sourceTree = "<group>"; };
		655D9BBC2A3C3E11005E133E /* ListView.swift */ = {isa = PBXFileReference; lastKnownFileType = sourcecode.swift; path = ListView.swift; sourceTree = "<group>"; };
		655D9BBE2A3C4204005E133E /* ListRowView.swift */ = {isa = PBXFileReference; lastKnownFileType = sourcecode.swift; path = ListRowView.swift; sourceTree = "<group>"; };
		655D9BC02A3C4346005E133E /* AddView.swift */ = {isa = PBXFileReference; lastKnownFileType = sourcecode.swift; path = AddView.swift; sourceTree = "<group>"; };
		655D9BC32A3C4788005E133E /* ItemModel.swift */ = {isa = PBXFileReference; lastKnownFileType = sourcecode.swift; path = ItemModel.swift; sourceTree = "<group>"; };
/* End PBXFileReference section */

/* Begin PBXFrameworksBuildPhase section */
		655D9BA72A3C3BC4005E133E /* Frameworks */ = {
			isa = PBXFrameworksBuildPhase;
			buildActionMask = 2147483647;
			files = (
			);
			runOnlyForDeploymentPostprocessing = 0;
		};
/* End PBXFrameworksBuildPhase section */

/* Begin PBXGroup section */
		655D9BA12A3C3BC4005E133E = {
			isa = PBXGroup;
			children = (
				655D9BAC2A3C3BC4005E133E /* SwiftulThinkingSwiftUIToDoList */,
				655D9BAB2A3C3BC4005E133E /* Products */,
			);
			sourceTree = "<group>";
		};
		655D9BAB2A3C3BC4005E133E /* Products */ = {
			isa = PBXGroup;
			children = (
				655D9BAA2A3C3BC4005E133E /* SwiftulThinkingSwiftUIToDoList.app */,
			);
			name = Products;
			sourceTree = "<group>";
		};
		655D9BAC2A3C3BC4005E133E /* SwiftulThinkingSwiftUIToDoList */ = {
			isa = PBXGroup;
			children = (
				655D9BAD2A3C3BC4005E133E /* SwiftulThinkingSwiftUIToDoListApp.swift */,
				655D9BC22A3C4772005E133E /* Models */,
				655D9BBB2A3C3E00005E133E /* Views */,
				655D9BB12A3C3BC5005E133E /* Assets.xcassets */,
				655D9BB32A3C3BC5005E133E /* Preview Content */,
			);
			path = SwiftulThinkingSwiftUIToDoList;
			sourceTree = "<group>";
		};
		655D9BB32A3C3BC5005E133E /* Preview Content */ = {
			isa = PBXGroup;
			children = (
				655D9BB42A3C3BC5005E133E /* Preview Assets.xcassets */,
			);
			path = "Preview Content";
			sourceTree = "<group>";
		};
		655D9BBB2A3C3E00005E133E /* Views */ = {
			isa = PBXGroup;
			children = (
				655D9BBC2A3C3E11005E133E /* ListView.swift */,
				655D9BBE2A3C4204005E133E /* ListRowView.swift */,
				655D9BC02A3C4346005E133E /* AddView.swift */,
			);
			path = Views;
			sourceTree = "<group>";
		};
		655D9BC22A3C4772005E133E /* Models */ = {
			isa = PBXGroup;
			children = (
				655D9BC32A3C4788005E133E /* ItemModel.swift */,
			);
			path = Models;
			sourceTree = "<group>";
		};
/* End PBXGroup section */

/* Begin PBXNativeTarget section */
		655D9BA92A3C3BC4005E133E /* SwiftulThinkingSwiftUIToDoList */ = {
			isa = PBXNativeTarget;
			buildConfigurationList = 655D9BB82A3C3BC5005E133E /* Build configuration list for PBXNativeTarget "SwiftulThinkingSwiftUIToDoList" */;
			buildPhases = (
				655D9BA62A3C3BC4005E133E /* Sources */,
				655D9BA72A3C3BC4005E133E /* Frameworks */,
				655D9BA82A3C3BC4005E133E /* Resources */,
			);
			buildRules = (
			);
			dependencies = (
			);
			name = SwiftulThinkingSwiftUIToDoList;
			productName = SwiftulThinkingSwiftUIToDoList;
			productReference = 655D9BAA2A3C3BC4005E133E /* SwiftulThinkingSwiftUIToDoList.app */;
			productType = "com.apple.product-type.application";
		};
/* End PBXNativeTarget section */

/* Begin PBXProject section */
		655D9BA22A3C3BC4005E133E /* Project object */ = {
			isa = PBXProject;
			attributes = {
				BuildIndependentTargetsInParallel = 1;
				LastSwiftUpdateCheck = 1430;
				LastUpgradeCheck = 1430;
				TargetAttributes = {
					655D9BA92A3C3BC4005E133E = {
						CreatedOnToolsVersion = 14.3.1;
					};
				};
			};
			buildConfigurationList = 655D9BA52A3C3BC4005E133E /* Build configuration list for PBXProject "SwiftulThinkingSwiftUIToDoList" */;
			compatibilityVersion = "Xcode 14.0";
			developmentRegion = en;
			hasScannedForEncodings = 0;
			knownRegions = (
				en,
				Base,
			);
			mainGroup = 655D9BA12A3C3BC4005E133E;
			productRefGroup = 655D9BAB2A3C3BC4005E133E /* Products */;
			projectDirPath = "";
			projectRoot = "";
			targets = (
				655D9BA92A3C3BC4005E133E /* SwiftulThinkingSwiftUIToDoList */,
			);
		};
/* End PBXProject section */

/* Begin PBXResourcesBuildPhase section */
		655D9BA82A3C3BC4005E133E /* Resources */ = {
			isa = PBXResourcesBuildPhase;
			buildActionMask = 2147483647;
			files = (
				655D9BB52A3C3BC5005E133E /* Preview Assets.xcassets in Resources */,
				655D9BB22A3C3BC5005E133E /* Assets.xcassets in Resources */,
			);
			runOnlyForDeploymentPostprocessing = 0;
		};
/* End PBXResourcesBuildPhase section */

/* Begin PBXSourcesBuildPhase section */
		655D9BA62A3C3BC4005E133E /* Sources */ = {
			isa = PBXSourcesBuildPhase;
			buildActionMask = 2147483647;
			files = (
				655D9BC42A3C4788005E133E /* ItemModel.swift in Sources */,
				655D9BC12A3C4346005E133E /* AddView.swift in Sources */,
				655D9BAE2A3C3BC4005E133E /* SwiftulThinkingSwiftUIToDoListApp.swift in Sources */,
				655D9BBD2A3C3E11005E133E /* ListView.swift in Sources */,
				655D9BBF2A3C4204005E133E /* ListRowView.swift in Sources */,
			);
			runOnlyForDeploymentPostprocessing = 0;
		};
/* End PBXSourcesBuildPhase section */

/* Begin XCBuildConfiguration section */
		655D9BB62A3C3BC5005E133E /* Debug */ = {
			isa = XCBuildConfiguration;
			buildSettings = {
				ALWAYS_SEARCH_USER_PATHS = NO;
				CLANG_ANALYZER_NONNULL = YES;
				CLANG_ANALYZER_NUMBER_OBJECT_CONVERSION = YES_AGGRESSIVE;
				CLANG_CXX_LANGUAGE_STANDARD = "gnu++20";
				CLANG_ENABLE_MODULES = YES;
				CLANG_ENABLE_OBJC_ARC = YES;
				CLANG_ENABLE_OBJC_WEAK = YES;
				CLANG_WARN_BLOCK_CAPTURE_AUTORELEASING = YES;
				CLANG_WARN_BOOL_CONVERSION = YES;
				CLANG_WARN_COMMA = YES;
				CLANG_WARN_CONSTANT_CONVERSION = YES;
				CLANG_WARN_DEPRECATED_OBJC_IMPLEMENTATIONS = YES;
				CLANG_WARN_DIRECT_OBJC_ISA_USAGE = YES_ERROR;
				CLANG_WARN_DOCUMENTATION_COMMENTS = YES;
				CLANG_WARN_EMPTY_BODY = YES;
				CLANG_WARN_ENUM_CONVERSION = YES;
				CLANG_WARN_INFINITE_RECURSION = YES;
				CLANG_WARN_INT_CONVERSION = YES;
				CLANG_WARN_NON_LITERAL_NULL_CONVERSION = YES;
				CLANG_WARN_OBJC_IMPLICIT_RETAIN_SELF = YES;
				CLANG_WARN_OBJC_LITERAL_CONVERSION = YES;
				CLANG_WARN_OBJC_ROOT_CLASS = YES_ERROR;
				CLANG_WARN_QUOTED_INCLUDE_IN_FRAMEWORK_HEADER = YES;
				CLANG_WARN_RANGE_LOOP_ANALYSIS = YES;
				CLANG_WARN_STRICT_PROTOTYPES = YES;
				CLANG_WARN_SUSPICIOUS_MOVE = YES;
				CLANG_WARN_UNGUARDED_AVAILABILITY = YES_AGGRESSIVE;
				CLANG_WARN_UNREACHABLE_CODE = YES;
				CLANG_WARN__DUPLICATE_METHOD_MATCH = YES;
				COPY_PHASE_STRIP = NO;
				DEBUG_INFORMATION_FORMAT = dwarf;
				ENABLE_STRICT_OBJC_MSGSEND = YES;
				ENABLE_TESTABILITY = YES;
				GCC_C_LANGUAGE_STANDARD = gnu11;
				GCC_DYNAMIC_NO_PIC = NO;
				GCC_NO_COMMON_BLOCKS = YES;
				GCC_OPTIMIZATION_LEVEL = 0;
				GCC_PREPROCESSOR_DEFINITIONS = (
					"DEBUG=1",
					"$(inherited)",
				);
				GCC_WARN_64_TO_32_BIT_CONVERSION = YES;
				GCC_WARN_ABOUT_RETURN_TYPE = YES_ERROR;
				GCC_WARN_UNDECLARED_SELECTOR = YES;
				GCC_WARN_UNINITIALIZED_AUTOS = YES_AGGRESSIVE;
				GCC_WARN_UNUSED_FUNCTION = YES;
				GCC_WARN_UNUSED_VARIABLE = YES;
				IPHONEOS_DEPLOYMENT_TARGET = 16.4;
				MTL_ENABLE_DEBUG_INFO = INCLUDE_SOURCE;
				MTL_FAST_MATH = YES;
				ONLY_ACTIVE_ARCH = YES;
				SDKROOT = iphoneos;
				SWIFT_ACTIVE_COMPILATION_CONDITIONS = DEBUG;
				SWIFT_OPTIMIZATION_LEVEL = "-Onone";
			};
			name = Debug;
		};
		655D9BB72A3C3BC5005E133E /* Release */ = {
			isa = XCBuildConfiguration;
			buildSettings = {
				ALWAYS_SEARCH_USER_PATHS = NO;
				CLANG_ANALYZER_NONNULL = YES;
				CLANG_ANALYZER_NUMBER_OBJECT_CONVERSION = YES_AGGRESSIVE;
				CLANG_CXX_LANGUAGE_STANDARD = "gnu++20";
				CLANG_ENABLE_MODULES = YES;
				CLANG_ENABLE_OBJC_ARC = YES;
				CLANG_ENABLE_OBJC_WEAK = YES;
				CLANG_WARN_BLOCK_CAPTURE_AUTORELEASING = YES;
				CLANG_WARN_BOOL_CONVERSION = YES;
				CLANG_WARN_COMMA = YES;
				CLANG_WARN_CONSTANT_CONVERSION = YES;
				CLANG_WARN_DEPRECATED_OBJC_IMPLEMENTATIONS = YES;
				CLANG_WARN_DIRECT_OBJC_ISA_USAGE = YES_ERROR;
				CLANG_WARN_DOCUMENTATION_COMMENTS = YES;
				CLANG_WARN_EMPTY_BODY = YES;
				CLANG_WARN_ENUM_CONVERSION = YES;
				CLANG_WARN_INFINITE_RECURSION = YES;
				CLANG_WARN_INT_CONVERSION = YES;
				CLANG_WARN_NON_LITERAL_NULL_CONVERSION = YES;
				CLANG_WARN_OBJC_IMPLICIT_RETAIN_SELF = YES;
				CLANG_WARN_OBJC_LITERAL_CONVERSION = YES;
				CLANG_WARN_OBJC_ROOT_CLASS = YES_ERROR;
				CLANG_WARN_QUOTED_INCLUDE_IN_FRAMEWORK_HEADER = YES;
				CLANG_WARN_RANGE_LOOP_ANALYSIS = YES;
				CLANG_WARN_STRICT_PROTOTYPES = YES;
				CLANG_WARN_SUSPICIOUS_MOVE = YES;
				CLANG_WARN_UNGUARDED_AVAILABILITY = YES_AGGRESSIVE;
				CLANG_WARN_UNREACHABLE_CODE = YES;
				CLANG_WARN__DUPLICATE_METHOD_MATCH = YES;
				COPY_PHASE_STRIP = NO;
				DEBUG_INFORMATION_FORMAT = "dwarf-with-dsym";
				ENABLE_NS_ASSERTIONS = NO;
				ENABLE_STRICT_OBJC_MSGSEND = YES;
				GCC_C_LANGUAGE_STANDARD = gnu11;
				GCC_NO_COMMON_BLOCKS = YES;
				GCC_WARN_64_TO_32_BIT_CONVERSION = YES;
				GCC_WARN_ABOUT_RETURN_TYPE = YES_ERROR;
				GCC_WARN_UNDECLARED_SELECTOR = YES;
				GCC_WARN_UNINITIALIZED_AUTOS = YES_AGGRESSIVE;
				GCC_WARN_UNUSED_FUNCTION = YES;
				GCC_WARN_UNUSED_VARIABLE = YES;
				IPHONEOS_DEPLOYMENT_TARGET = 16.4;
				MTL_ENABLE_DEBUG_INFO = NO;
				MTL_FAST_MATH = YES;
				SDKROOT = iphoneos;
				SWIFT_COMPILATION_MODE = wholemodule;
				SWIFT_OPTIMIZATION_LEVEL = "-O";
				VALIDATE_PRODUCT = YES;
			};
			name = Release;
		};
		655D9BB92A3C3BC5005E133E /* Debug */ = {
			isa = XCBuildConfiguration;
			buildSettings = {
				ASSETCATALOG_COMPILER_APPICON_NAME = AppIcon;
				ASSETCATALOG_COMPILER_GLOBAL_ACCENT_COLOR_NAME = AccentColor;
				CODE_SIGN_STYLE = Automatic;
				CURRENT_PROJECT_VERSION = 1;
				DEVELOPMENT_ASSET_PATHS = "\"SwiftulThinkingSwiftUIToDoList/Preview Content\"";
				DEVELOPMENT_TEAM = D8Z3QRBB63;
				ENABLE_PREVIEWS = YES;
				GENERATE_INFOPLIST_FILE = YES;
				INFOPLIST_KEY_UIApplicationSceneManifest_Generation = YES;
				INFOPLIST_KEY_UIApplicationSupportsIndirectInputEvents = YES;
				INFOPLIST_KEY_UILaunchScreen_Generation = YES;
				INFOPLIST_KEY_UISupportedInterfaceOrientations_iPad = "UIInterfaceOrientationPortrait UIInterfaceOrientationPortraitUpsideDown UIInterfaceOrientationLandscapeLeft UIInterfaceOrientationLandscapeRight";
				INFOPLIST_KEY_UISupportedInterfaceOrientations_iPhone = "UIInterfaceOrientationPortrait UIInterfaceOrientationLandscapeLeft UIInterfaceOrientationLandscapeRight";
				LD_RUNPATH_SEARCH_PATHS = (
					"$(inherited)",
					"@executable_path/Frameworks",
				);
				MARKETING_VERSION = 1.0;
				PRODUCT_BUNDLE_IDENTIFIER = com.cskime.SwiftulThinkingSwiftUIToDoList;
				PRODUCT_NAME = "$(TARGET_NAME)";
				SWIFT_EMIT_LOC_STRINGS = YES;
				SWIFT_VERSION = 5.0;
				TARGETED_DEVICE_FAMILY = "1,2";
			};
			name = Debug;
		};
		655D9BBA2A3C3BC5005E133E /* Release */ = {
			isa = XCBuildConfiguration;
			buildSettings = {
				ASSETCATALOG_COMPILER_APPICON_NAME = AppIcon;
				ASSETCATALOG_COMPILER_GLOBAL_ACCENT_COLOR_NAME = AccentColor;
				CODE_SIGN_STYLE = Automatic;
				CURRENT_PROJECT_VERSION = 1;
				DEVELOPMENT_ASSET_PATHS = "\"SwiftulThinkingSwiftUIToDoList/Preview Content\"";
				DEVELOPMENT_TEAM = D8Z3QRBB63;
				ENABLE_PREVIEWS = YES;
				GENERATE_INFOPLIST_FILE = YES;
				INFOPLIST_KEY_UIApplicationSceneManifest_Generation = YES;
				INFOPLIST_KEY_UIApplicationSupportsIndirectInputEvents = YES;
				INFOPLIST_KEY_UILaunchScreen_Generation = YES;
				INFOPLIST_KEY_UISupportedInterfaceOrientations_iPad = "UIInterfaceOrientationPortrait UIInterfaceOrientationPortraitUpsideDown UIInterfaceOrientationLandscapeLeft UIInterfaceOrientationLandscapeRight";
				INFOPLIST_KEY_UISupportedInterfaceOrientations_iPhone = "UIInterfaceOrientationPortrait UIInterfaceOrientationLandscapeLeft UIInterfaceOrientationLandscapeRight";
				LD_RUNPATH_SEARCH_PATHS = (
					"$(inherited)",
					"@executable_path/Frameworks",
				);
				MARKETING_VERSION = 1.0;
				PRODUCT_BUNDLE_IDENTIFIER = com.cskime.SwiftulThinkingSwiftUIToDoList;
				PRODUCT_NAME = "$(TARGET_NAME)";
				SWIFT_EMIT_LOC_STRINGS = YES;
				SWIFT_VERSION = 5.0;
				TARGETED_DEVICE_FAMILY = "1,2";
			};
			name = Release;
		};
/* End XCBuildConfiguration section */

/* Begin XCConfigurationList section */
		655D9BA52A3C3BC4005E133E /* Build configuration list for PBXProject "SwiftulThinkingSwiftUIToDoList" */ = {
			isa = XCConfigurationList;
			buildConfigurations = (
				655D9BB62A3C3BC5005E133E /* Debug */,
				655D9BB72A3C3BC5005E133E /* Release */,
			);
			defaultConfigurationIsVisible = 0;
			defaultConfigurationName = Release;
		};
		655D9BB82A3C3BC5005E133E /* Build configuration list for PBXNativeTarget "SwiftulThinkingSwiftUIToDoList" */ = {
			isa = XCConfigurationList;
			buildConfigurations = (
				655D9BB92A3C3BC5005E133E /* Debug */,
				655D9BBA2A3C3BC5005E133E /* Release */,
			);
			defaultConfigurationIsVisible = 0;
			defaultConfigurationName = Release;
		};
/* End XCConfigurationList section */
	};
	rootObject = 655D9BA22A3C3BC4005E133E /* Project object */;
}
